// !$*UTF8*$!
{
	archiveVersion = 1;
	classes = {
	};
	objectVersion = 46;
	objects = {

/* Begin PBXBuildFile section */
		F818D4481D88482E009B153C /* Constants.swift in Sources */ = {isa = PBXBuildFile; fileRef = F818D4471D88482E009B153C /* Constants.swift */; };
		F8243BE91DA2927400BE5D13 /* DetailMapView.swift in Sources */ = {isa = PBXBuildFile; fileRef = F8243BE81DA2927400BE5D13 /* DetailMapView.swift */; };
		F8243BEB1DA2F3C700BE5D13 /* SingleToiletViewController.swift in Sources */ = {isa = PBXBuildFile; fileRef = F8243BEA1DA2F3C700BE5D13 /* SingleToiletViewController.swift */; };
		F82655481D930A190007A089 /* ListActivity.swift in Sources */ = {isa = PBXBuildFile; fileRef = F82655471D930A190007A089 /* ListActivity.swift */; };
		F82884C11D957E7600F1A737 /* DetailTableView.swift in Sources */ = {isa = PBXBuildFile; fileRef = F82884C01D957E7600F1A737 /* DetailTableView.swift */; };
		F82FB1BA1D809F27001FE39D /* Directions.swift in Sources */ = {isa = PBXBuildFile; fileRef = F82FB1B91D809F27001FE39D /* Directions.swift */; };
		F82FB1BC1D80AA02001FE39D /* ToiletAnnotationView.swift in Sources */ = {isa = PBXBuildFile; fileRef = F82FB1BB1D80AA02001FE39D /* ToiletAnnotationView.swift */; };
		F82FB1BE1D81BA41001FE39D /* UserLocation.swift in Sources */ = {isa = PBXBuildFile; fileRef = F82FB1BD1D81BA41001FE39D /* UserLocation.swift */; };
		F82FB1C01D81C7B6001FE39D /* ListViewController.swift in Sources */ = {isa = PBXBuildFile; fileRef = F82FB1BF1D81C7B6001FE39D /* ListViewController.swift */; };
		F82FB1C41D81D060001FE39D /* ListCell.swift in Sources */ = {isa = PBXBuildFile; fileRef = F82FB1C31D81D060001FE39D /* ListCell.swift */; };
		F82FB1C81D82B7C3001FE39D /* FilterOpen.swift in Sources */ = {isa = PBXBuildFile; fileRef = F82FB1C71D82B7C3001FE39D /* FilterOpen.swift */; };
		F82FB1CC1D82C82A001FE39D /* FilterOption.swift in Sources */ = {isa = PBXBuildFile; fileRef = F82FB1CB1D82C82A001FE39D /* FilterOption.swift */; };
		F82FB1CF1D82C8AE001FE39D /* FilterPrice.swift in Sources */ = {isa = PBXBuildFile; fileRef = F82FB1CE1D82C8AE001FE39D /* FilterPrice.swift */; };
		F86F35681D8DDCB6001A8F6C /* ListController.swift in Sources */ = {isa = PBXBuildFile; fileRef = F86F35671D8DDCB5001A8F6C /* ListController.swift */; };
		F8775B091D8EBAAF003B9F4D /* ListButton.swift in Sources */ = {isa = PBXBuildFile; fileRef = F8775B081D8EBAAF003B9F4D /* ListButton.swift */; };
		F8775B0B1D908104003B9F4D /* ListButtonDelegate.swift in Sources */ = {isa = PBXBuildFile; fileRef = F8775B0A1D908104003B9F4D /* ListButtonDelegate.swift */; };
		F8775B0D1D919255003B9F4D /* DetailViewController.swift in Sources */ = {isa = PBXBuildFile; fileRef = F8775B0C1D919255003B9F4D /* DetailViewController.swift */; };
		F8778B5C1D999DDE005ACA43 /* OpenTimeCell.swift in Sources */ = {isa = PBXBuildFile; fileRef = F8778B5B1D999DDE005ACA43 /* OpenTimeCell.swift */; };
		F8778B5E1D9ABFE8005ACA43 /* PriceCell.swift in Sources */ = {isa = PBXBuildFile; fileRef = F8778B5D1D9ABFE8005ACA43 /* PriceCell.swift */; };
		F8778B601D9D7D13005ACA43 /* MapInfo.swift in Sources */ = {isa = PBXBuildFile; fileRef = F8778B5F1D9D7D13005ACA43 /* MapInfo.swift */; };
		F87C8C5E1D873F4F00B9C6EF /* Filter.swift in Sources */ = {isa = PBXBuildFile; fileRef = F87C8C5D1D873F4F00B9C6EF /* Filter.swift */; };
		F8C8CAFC1DA53E65003764BE /* ImageSlideshow.framework in Frameworks */ = {isa = PBXBuildFile; fileRef = F8C8CAFB1DA53E65003764BE /* ImageSlideshow.framework */; };
		F8C8CAFD1DA53E6C003764BE /* ImageSlideshow.framework in CopyFiles */ = {isa = PBXBuildFile; fileRef = F8C8CAFB1DA53E65003764BE /* ImageSlideshow.framework */; settings = {ATTRIBUTES = (CodeSignOnCopy, RemoveHeadersOnCopy, ); }; };
		F8E541541D744CA600BA4BE7 /* Extensions.swift in Sources */ = {isa = PBXBuildFile; fileRef = F8E541531D744CA600BA4BE7 /* Extensions.swift */; };
		F8EAE7FA1D5FA6A900D60DAB /* AppDelegate.swift in Sources */ = {isa = PBXBuildFile; fileRef = F8EAE7F91D5FA6A900D60DAB /* AppDelegate.swift */; };
		F8EAE7FC1D5FA6A900D60DAB /* ViewController.swift in Sources */ = {isa = PBXBuildFile; fileRef = F8EAE7FB1D5FA6A900D60DAB /* ViewController.swift */; };
		F8EAE7FF1D5FA6A900D60DAB /* Main.storyboard in Resources */ = {isa = PBXBuildFile; fileRef = F8EAE7FD1D5FA6A900D60DAB /* Main.storyboard */; };
		F8EAE8011D5FA6A900D60DAB /* Assets.xcassets in Resources */ = {isa = PBXBuildFile; fileRef = F8EAE8001D5FA6A900D60DAB /* Assets.xcassets */; };
		F8EAE8041D5FA6A900D60DAB /* LaunchScreen.storyboard in Resources */ = {isa = PBXBuildFile; fileRef = F8EAE8021D5FA6A900D60DAB /* LaunchScreen.storyboard */; };
		F8EAE80F1D5FA6A900D60DAB /* KlozetTests.swift in Sources */ = {isa = PBXBuildFile; fileRef = F8EAE80E1D5FA6A900D60DAB /* KlozetTests.swift */; };
		F8EAE81A1D5FA6A900D60DAB /* KlozetUITests.swift in Sources */ = {isa = PBXBuildFile; fileRef = F8EAE8191D5FA6A900D60DAB /* KlozetUITests.swift */; };
		F8EAE82A1D5FAAF300D60DAB /* MapKit.framework in Frameworks */ = {isa = PBXBuildFile; fileRef = F8EAE8291D5FAAF300D60DAB /* MapKit.framework */; };
		F8EAE8301D5FB4DD00D60DAB /* Alamofire.framework in Frameworks */ = {isa = PBXBuildFile; fileRef = F8EAE82F1D5FB4DD00D60DAB /* Alamofire.framework */; };
		F8EAE8321D5FB54100D60DAB /* Alamofire.framework in CopyFiles */ = {isa = PBXBuildFile; fileRef = F8EAE82F1D5FB4DD00D60DAB /* Alamofire.framework */; settings = {ATTRIBUTES = (CodeSignOnCopy, RemoveHeadersOnCopy, ); }; };
		F8EAE8351D5FC81300D60DAB /* DataController.swift in Sources */ = {isa = PBXBuildFile; fileRef = F8EAE8341D5FC81300D60DAB /* DataController.swift */; };
		F8EAE8371D5FCDA700D60DAB /* SwiftyJSON.framework in Frameworks */ = {isa = PBXBuildFile; fileRef = F8EAE8361D5FCDA700D60DAB /* SwiftyJSON.framework */; };
		F8EAE8381D5FCF0400D60DAB /* SwiftyJSON.framework in CopyFiles */ = {isa = PBXBuildFile; fileRef = F8EAE8361D5FCDA700D60DAB /* SwiftyJSON.framework */; settings = {ATTRIBUTES = (CodeSignOnCopy, RemoveHeadersOnCopy, ); }; };
		F8EAE83A1D6072EF00D60DAB /* CoreLocation.framework in Frameworks */ = {isa = PBXBuildFile; fileRef = F8EAE8391D6072EF00D60DAB /* CoreLocation.framework */; };
		F8EAE83C1D630E0500D60DAB /* VIewControllerInterface.swift in Sources */ = {isa = PBXBuildFile; fileRef = F8EAE83B1D630E0500D60DAB /* VIewControllerInterface.swift */; };
/* End PBXBuildFile section */

/* Begin PBXContainerItemProxy section */
		F8EAE80B1D5FA6A900D60DAB /* PBXContainerItemProxy */ = {
			isa = PBXContainerItemProxy;
			containerPortal = F8EAE7EE1D5FA6A900D60DAB /* Project object */;
			proxyType = 1;
			remoteGlobalIDString = F8EAE7F51D5FA6A900D60DAB;
			remoteInfo = Klozet;
		};
		F8EAE8161D5FA6A900D60DAB /* PBXContainerItemProxy */ = {
			isa = PBXContainerItemProxy;
			containerPortal = F8EAE7EE1D5FA6A900D60DAB /* Project object */;
			proxyType = 1;
			remoteGlobalIDString = F8EAE7F51D5FA6A900D60DAB;
			remoteInfo = Klozet;
		};
/* End PBXContainerItemProxy section */

/* Begin PBXCopyFilesBuildPhase section */
		F8EAE8311D5FB53000D60DAB /* CopyFiles */ = {
			isa = PBXCopyFilesBuildPhase;
			buildActionMask = 12;
			dstPath = "";
			dstSubfolderSpec = 10;
			files = (
				F8C8CAFD1DA53E6C003764BE /* ImageSlideshow.framework in CopyFiles */,
				F8EAE8381D5FCF0400D60DAB /* SwiftyJSON.framework in CopyFiles */,
				F8EAE8321D5FB54100D60DAB /* Alamofire.framework in CopyFiles */,
			);
			runOnlyForDeploymentPostprocessing = 0;
		};
/* End PBXCopyFilesBuildPhase section */

/* Begin PBXFileReference section */
		182FCC4E410E72C6C4A26B1B /* Pods-KlozetUITests.release.xcconfig */ = {isa = PBXFileReference; includeInIndex = 1; lastKnownFileType = text.xcconfig; name = "Pods-KlozetUITests.release.xcconfig"; path = "Pods/Target Support Files/Pods-KlozetUITests/Pods-KlozetUITests.release.xcconfig"; sourceTree = "<group>"; };
		1F76E0CF6A8949547037658F /* Pods-KlozetUITests.debug.xcconfig */ = {isa = PBXFileReference; includeInIndex = 1; lastKnownFileType = text.xcconfig; name = "Pods-KlozetUITests.debug.xcconfig"; path = "Pods/Target Support Files/Pods-KlozetUITests/Pods-KlozetUITests.debug.xcconfig"; sourceTree = "<group>"; };
		3BE3E28D5EB85723CEEDF5D1 /* Pods-Klozet.release.xcconfig */ = {isa = PBXFileReference; includeInIndex = 1; lastKnownFileType = text.xcconfig; name = "Pods-Klozet.release.xcconfig"; path = "Pods/Target Support Files/Pods-Klozet/Pods-Klozet.release.xcconfig"; sourceTree = "<group>"; };
		64FAEE6D86EBB51AC1E892EC /* Pods-KlozetTests.release.xcconfig */ = {isa = PBXFileReference; includeInIndex = 1; lastKnownFileType = text.xcconfig; name = "Pods-KlozetTests.release.xcconfig"; path = "Pods/Target Support Files/Pods-KlozetTests/Pods-KlozetTests.release.xcconfig"; sourceTree = "<group>"; };
		67D98F14D4389FC6AA72E2F3 /* Pods-KlozetTests.debug.xcconfig */ = {isa = PBXFileReference; includeInIndex = 1; lastKnownFileType = text.xcconfig; name = "Pods-KlozetTests.debug.xcconfig"; path = "Pods/Target Support Files/Pods-KlozetTests/Pods-KlozetTests.debug.xcconfig"; sourceTree = "<group>"; };
		68349D920E93E823BFCB4670 /* Pods-Klozet.debug.xcconfig */ = {isa = PBXFileReference; includeInIndex = 1; lastKnownFileType = text.xcconfig; name = "Pods-Klozet.debug.xcconfig"; path = "Pods/Target Support Files/Pods-Klozet/Pods-Klozet.debug.xcconfig"; sourceTree = "<group>"; };
		F818D4471D88482E009B153C /* Constants.swift */ = {isa = PBXFileReference; fileEncoding = 4; lastKnownFileType = sourcecode.swift; path = Constants.swift; sourceTree = "<group>"; };
		F8243BE81DA2927400BE5D13 /* DetailMapView.swift */ = {isa = PBXFileReference; fileEncoding = 4; lastKnownFileType = sourcecode.swift; name = DetailMapView.swift; path = ../DetailMapView.swift; sourceTree = "<group>"; };
		F8243BEA1DA2F3C700BE5D13 /* SingleToiletViewController.swift */ = {isa = PBXFileReference; fileEncoding = 4; lastKnownFileType = sourcecode.swift; path = SingleToiletViewController.swift; sourceTree = "<group>"; };
		F82655471D930A190007A089 /* ListActivity.swift */ = {isa = PBXFileReference; fileEncoding = 4; lastKnownFileType = sourcecode.swift; path = ListActivity.swift; sourceTree = "<group>"; };
		F82884C01D957E7600F1A737 /* DetailTableView.swift */ = {isa = PBXFileReference; fileEncoding = 4; lastKnownFileType = sourcecode.swift; path = DetailTableView.swift; sourceTree = "<group>"; };
		F82FB1B91D809F27001FE39D /* Directions.swift */ = {isa = PBXFileReference; fileEncoding = 4; lastKnownFileType = sourcecode.swift; path = Directions.swift; sourceTree = "<group>"; };
		F82FB1BB1D80AA02001FE39D /* ToiletAnnotationView.swift */ = {isa = PBXFileReference; fileEncoding = 4; lastKnownFileType = sourcecode.swift; path = ToiletAnnotationView.swift; sourceTree = "<group>"; };
		F82FB1BD1D81BA41001FE39D /* UserLocation.swift */ = {isa = PBXFileReference; fileEncoding = 4; lastKnownFileType = sourcecode.swift; path = UserLocation.swift; sourceTree = "<group>"; };
		F82FB1BF1D81C7B6001FE39D /* ListViewController.swift */ = {isa = PBXFileReference; fileEncoding = 4; lastKnownFileType = sourcecode.swift; path = ListViewController.swift; sourceTree = "<group>"; };
		F82FB1C31D81D060001FE39D /* ListCell.swift */ = {isa = PBXFileReference; fileEncoding = 4; lastKnownFileType = sourcecode.swift; path = ListCell.swift; sourceTree = "<group>"; };
		F82FB1C71D82B7C3001FE39D /* FilterOpen.swift */ = {isa = PBXFileReference; fileEncoding = 4; lastKnownFileType = sourcecode.swift; path = FilterOpen.swift; sourceTree = "<group>"; };
		F82FB1CB1D82C82A001FE39D /* FilterOption.swift */ = {isa = PBXFileReference; fileEncoding = 4; lastKnownFileType = sourcecode.swift; path = FilterOption.swift; sourceTree = "<group>"; };
		F82FB1CE1D82C8AE001FE39D /* FilterPrice.swift */ = {isa = PBXFileReference; fileEncoding = 4; lastKnownFileType = sourcecode.swift; path = FilterPrice.swift; sourceTree = "<group>"; };
		F86F35671D8DDCB5001A8F6C /* ListController.swift */ = {isa = PBXFileReference; fileEncoding = 4; lastKnownFileType = sourcecode.swift; path = ListController.swift; sourceTree = "<group>"; };
		F8775B081D8EBAAF003B9F4D /* ListButton.swift */ = {isa = PBXFileReference; fileEncoding = 4; lastKnownFileType = sourcecode.swift; path = ListButton.swift; sourceTree = "<group>"; };
		F8775B0A1D908104003B9F4D /* ListButtonDelegate.swift */ = {isa = PBXFileReference; fileEncoding = 4; lastKnownFileType = sourcecode.swift; path = ListButtonDelegate.swift; sourceTree = "<group>"; };
		F8775B0C1D919255003B9F4D /* DetailViewController.swift */ = {isa = PBXFileReference; fileEncoding = 4; lastKnownFileType = sourcecode.swift; path = DetailViewController.swift; sourceTree = "<group>"; };
		F8778B5B1D999DDE005ACA43 /* OpenTimeCell.swift */ = {isa = PBXFileReference; fileEncoding = 4; lastKnownFileType = sourcecode.swift; path = OpenTimeCell.swift; sourceTree = "<group>"; };
		F8778B5D1D9ABFE8005ACA43 /* PriceCell.swift */ = {isa = PBXFileReference; fileEncoding = 4; lastKnownFileType = sourcecode.swift; path = PriceCell.swift; sourceTree = "<group>"; };
		F8778B5F1D9D7D13005ACA43 /* MapInfo.swift */ = {isa = PBXFileReference; fileEncoding = 4; lastKnownFileType = sourcecode.swift; path = MapInfo.swift; sourceTree = "<group>"; };
		F87C8C5D1D873F4F00B9C6EF /* Filter.swift */ = {isa = PBXFileReference; fileEncoding = 4; lastKnownFileType = sourcecode.swift; path = Filter.swift; sourceTree = "<group>"; };
		F8C8CAFB1DA53E65003764BE /* ImageSlideshow.framework */ = {isa = PBXFileReference; lastKnownFileType = wrapper.framework; name = ImageSlideshow.framework; path = Carthage/Build/iOS/ImageSlideshow.framework; sourceTree = "<group>"; };
		F8E541531D744CA600BA4BE7 /* Extensions.swift */ = {isa = PBXFileReference; fileEncoding = 4; lastKnownFileType = sourcecode.swift; path = Extensions.swift; sourceTree = "<group>"; };
		F8EAE7F61D5FA6A900D60DAB /* Klozet.app */ = {isa = PBXFileReference; explicitFileType = wrapper.application; includeInIndex = 0; path = Klozet.app; sourceTree = BUILT_PRODUCTS_DIR; };
		F8EAE7F91D5FA6A900D60DAB /* AppDelegate.swift */ = {isa = PBXFileReference; lastKnownFileType = sourcecode.swift; path = AppDelegate.swift; sourceTree = "<group>"; };
		F8EAE7FB1D5FA6A900D60DAB /* ViewController.swift */ = {isa = PBXFileReference; lastKnownFileType = sourcecode.swift; path = ViewController.swift; sourceTree = "<group>"; };
		F8EAE7FE1D5FA6A900D60DAB /* Base */ = {isa = PBXFileReference; lastKnownFileType = file.storyboard; name = Base; path = Base.lproj/Main.storyboard; sourceTree = "<group>"; };
		F8EAE8001D5FA6A900D60DAB /* Assets.xcassets */ = {isa = PBXFileReference; lastKnownFileType = folder.assetcatalog; path = Assets.xcassets; sourceTree = "<group>"; };
		F8EAE8031D5FA6A900D60DAB /* Base */ = {isa = PBXFileReference; lastKnownFileType = file.storyboard; name = Base; path = Base.lproj/LaunchScreen.storyboard; sourceTree = "<group>"; };
		F8EAE8051D5FA6A900D60DAB /* Info.plist */ = {isa = PBXFileReference; lastKnownFileType = text.plist.xml; path = Info.plist; sourceTree = "<group>"; };
		F8EAE80A1D5FA6A900D60DAB /* KlozetTests.xctest */ = {isa = PBXFileReference; explicitFileType = wrapper.cfbundle; includeInIndex = 0; path = KlozetTests.xctest; sourceTree = BUILT_PRODUCTS_DIR; };
		F8EAE80E1D5FA6A900D60DAB /* KlozetTests.swift */ = {isa = PBXFileReference; lastKnownFileType = sourcecode.swift; path = KlozetTests.swift; sourceTree = "<group>"; };
		F8EAE8101D5FA6A900D60DAB /* Info.plist */ = {isa = PBXFileReference; lastKnownFileType = text.plist.xml; path = Info.plist; sourceTree = "<group>"; };
		F8EAE8151D5FA6A900D60DAB /* KlozetUITests.xctest */ = {isa = PBXFileReference; explicitFileType = wrapper.cfbundle; includeInIndex = 0; path = KlozetUITests.xctest; sourceTree = BUILT_PRODUCTS_DIR; };
		F8EAE8191D5FA6A900D60DAB /* KlozetUITests.swift */ = {isa = PBXFileReference; lastKnownFileType = sourcecode.swift; path = KlozetUITests.swift; sourceTree = "<group>"; };
		F8EAE81B1D5FA6A900D60DAB /* Info.plist */ = {isa = PBXFileReference; lastKnownFileType = text.plist.xml; path = Info.plist; sourceTree = "<group>"; };
		F8EAE8291D5FAAF300D60DAB /* MapKit.framework */ = {isa = PBXFileReference; lastKnownFileType = wrapper.framework; name = MapKit.framework; path = System/Library/Frameworks/MapKit.framework; sourceTree = SDKROOT; };
		F8EAE82F1D5FB4DD00D60DAB /* Alamofire.framework */ = {isa = PBXFileReference; lastKnownFileType = wrapper.framework; name = Alamofire.framework; path = Carthage/Build/iOS/Alamofire.framework; sourceTree = "<group>"; };
		F8EAE8341D5FC81300D60DAB /* DataController.swift */ = {isa = PBXFileReference; fileEncoding = 4; lastKnownFileType = sourcecode.swift; path = DataController.swift; sourceTree = "<group>"; };
		F8EAE8361D5FCDA700D60DAB /* SwiftyJSON.framework */ = {isa = PBXFileReference; lastKnownFileType = wrapper.framework; name = SwiftyJSON.framework; path = Carthage/Build/iOS/SwiftyJSON.framework; sourceTree = "<group>"; };
		F8EAE8391D6072EF00D60DAB /* CoreLocation.framework */ = {isa = PBXFileReference; lastKnownFileType = wrapper.framework; name = CoreLocation.framework; path = System/Library/Frameworks/CoreLocation.framework; sourceTree = SDKROOT; };
		F8EAE83B1D630E0500D60DAB /* VIewControllerInterface.swift */ = {isa = PBXFileReference; fileEncoding = 4; lastKnownFileType = sourcecode.swift; path = VIewControllerInterface.swift; sourceTree = "<group>"; };
/* End PBXFileReference section */

/* Begin PBXFrameworksBuildPhase section */
		F8EAE7F31D5FA6A900D60DAB /* Frameworks */ = {
			isa = PBXFrameworksBuildPhase;
			buildActionMask = 2147483647;
			files = (
				F8C8CAFC1DA53E65003764BE /* ImageSlideshow.framework in Frameworks */,
				F8EAE83A1D6072EF00D60DAB /* CoreLocation.framework in Frameworks */,
				F8EAE82A1D5FAAF300D60DAB /* MapKit.framework in Frameworks */,
				F8EAE8301D5FB4DD00D60DAB /* Alamofire.framework in Frameworks */,
				F8EAE8371D5FCDA700D60DAB /* SwiftyJSON.framework in Frameworks */,
			);
			runOnlyForDeploymentPostprocessing = 0;
		};
		F8EAE8071D5FA6A900D60DAB /* Frameworks */ = {
			isa = PBXFrameworksBuildPhase;
			buildActionMask = 2147483647;
			files = (
			);
			runOnlyForDeploymentPostprocessing = 0;
		};
		F8EAE8121D5FA6A900D60DAB /* Frameworks */ = {
			isa = PBXFrameworksBuildPhase;
			buildActionMask = 2147483647;
			files = (
			);
			runOnlyForDeploymentPostprocessing = 0;
		};
/* End PBXFrameworksBuildPhase section */

/* Begin PBXGroup section */
		93A0473D30CFB8BEDF3FE02E /* Pods */ = {
			isa = PBXGroup;
			children = (
				68349D920E93E823BFCB4670 /* Pods-Klozet.debug.xcconfig */,
				3BE3E28D5EB85723CEEDF5D1 /* Pods-Klozet.release.xcconfig */,
				67D98F14D4389FC6AA72E2F3 /* Pods-KlozetTests.debug.xcconfig */,
				64FAEE6D86EBB51AC1E892EC /* Pods-KlozetTests.release.xcconfig */,
				1F76E0CF6A8949547037658F /* Pods-KlozetUITests.debug.xcconfig */,
				182FCC4E410E72C6C4A26B1B /* Pods-KlozetUITests.release.xcconfig */,
			);
			name = Pods;
			sourceTree = "<group>";
		};
		C2831FEAD92CB08690D3ADE7 /* Frameworks */ = {
			isa = PBXGroup;
			children = (
				F8C8CAFB1DA53E65003764BE /* ImageSlideshow.framework */,
				F8EAE8391D6072EF00D60DAB /* CoreLocation.framework */,
				F8EAE8361D5FCDA700D60DAB /* SwiftyJSON.framework */,
				F8EAE82F1D5FB4DD00D60DAB /* Alamofire.framework */,
				F8EAE8291D5FAAF300D60DAB /* MapKit.framework */,
			);
			name = Frameworks;
			sourceTree = "<group>";
		};
		F82884BF1D957E4A00F1A737 /* DetailViewController */ = {
			isa = PBXGroup;
			children = (
				F8775B0C1D919255003B9F4D /* DetailViewController.swift */,
				F82884C01D957E7600F1A737 /* DetailTableView.swift */,
				F8243BE81DA2927400BE5D13 /* DetailMapView.swift */,
				F8778B5F1D9D7D13005ACA43 /* MapInfo.swift */,
				F8778B5B1D999DDE005ACA43 /* OpenTimeCell.swift */,
				F8778B5D1D9ABFE8005ACA43 /* PriceCell.swift */,
			);
			name = DetailViewController;
			sourceTree = "<group>";
		};
		F82FB1B81D7F5E1F001FE39D /* ViewController */ = {
			isa = PBXGroup;
			children = (
				F8EAE7FB1D5FA6A900D60DAB /* ViewController.swift */,
				F8EAE83B1D630E0500D60DAB /* VIewControllerInterface.swift */,
				F82FB1BD1D81BA41001FE39D /* UserLocation.swift */,
			);
			name = ViewController;
			sourceTree = "<group>";
		};
		F82FB1CD1D82C836001FE39D /* Filter */ = {
			isa = PBXGroup;
			children = (
				F82FB1C71D82B7C3001FE39D /* FilterOpen.swift */,
				F82FB1CE1D82C8AE001FE39D /* FilterPrice.swift */,
				F82FB1CB1D82C82A001FE39D /* FilterOption.swift */,
				F87C8C5D1D873F4F00B9C6EF /* Filter.swift */,
			);
			name = Filter;
			sourceTree = "<group>";
		};
		F86F356A1D8DE772001A8F6C /* ListViewController */ = {
			isa = PBXGroup;
			children = (
				F82FB1BF1D81C7B6001FE39D /* ListViewController.swift */,
				F82655471D930A190007A089 /* ListActivity.swift */,
				F86F35671D8DDCB5001A8F6C /* ListController.swift */,
				F8775B081D8EBAAF003B9F4D /* ListButton.swift */,
				F8775B0A1D908104003B9F4D /* ListButtonDelegate.swift */,
				F82FB1C31D81D060001FE39D /* ListCell.swift */,
			);
			name = ListViewController;
			sourceTree = "<group>";
		};
		F8EAE7ED1D5FA6A900D60DAB = {
			isa = PBXGroup;
			children = (
				F8EAE7F81D5FA6A900D60DAB /* Klozet */,
				F8EAE80D1D5FA6A900D60DAB /* KlozetTests */,
				F8EAE8181D5FA6A900D60DAB /* KlozetUITests */,
				F8EAE7F71D5FA6A900D60DAB /* Products */,
				93A0473D30CFB8BEDF3FE02E /* Pods */,
				C2831FEAD92CB08690D3ADE7 /* Frameworks */,
			);
			sourceTree = "<group>";
		};
		F8EAE7F71D5FA6A900D60DAB /* Products */ = {
			isa = PBXGroup;
			children = (
				F8EAE7F61D5FA6A900D60DAB /* Klozet.app */,
				F8EAE80A1D5FA6A900D60DAB /* KlozetTests.xctest */,
				F8EAE8151D5FA6A900D60DAB /* KlozetUITests.xctest */,
			);
			name = Products;
			sourceTree = "<group>";
		};
		F8EAE7F81D5FA6A900D60DAB /* Klozet */ = {
			isa = PBXGroup;
			children = (
				F8EAE7F91D5FA6A900D60DAB /* AppDelegate.swift */,
				F8EAE8341D5FC81300D60DAB /* DataController.swift */,
				F82FB1B81D7F5E1F001FE39D /* ViewController */,
				F86F356A1D8DE772001A8F6C /* ListViewController */,
				F82FB1CD1D82C836001FE39D /* Filter */,
				F82884BF1D957E4A00F1A737 /* DetailViewController */,
				F82FB1BB1D80AA02001FE39D /* ToiletAnnotationView.swift */,
				F8243BEA1DA2F3C700BE5D13 /* SingleToiletViewController.swift */,
				F82FB1B91D809F27001FE39D /* Directions.swift */,
				F8E541531D744CA600BA4BE7 /* Extensions.swift */,
				F818D4471D88482E009B153C /* Constants.swift */,
				F8EAE7FD1D5FA6A900D60DAB /* Main.storyboard */,
				F8EAE8001D5FA6A900D60DAB /* Assets.xcassets */,
				F8EAE8021D5FA6A900D60DAB /* LaunchScreen.storyboard */,
				F8EAE8051D5FA6A900D60DAB /* Info.plist */,
			);
			path = Klozet;
			sourceTree = "<group>";
		};
		F8EAE80D1D5FA6A900D60DAB /* KlozetTests */ = {
			isa = PBXGroup;
			children = (
				F8EAE80E1D5FA6A900D60DAB /* KlozetTests.swift */,
				F8EAE8101D5FA6A900D60DAB /* Info.plist */,
			);
			path = KlozetTests;
			sourceTree = "<group>";
		};
		F8EAE8181D5FA6A900D60DAB /* KlozetUITests */ = {
			isa = PBXGroup;
			children = (
				F8EAE8191D5FA6A900D60DAB /* KlozetUITests.swift */,
				F8EAE81B1D5FA6A900D60DAB /* Info.plist */,
			);
			path = KlozetUITests;
			sourceTree = "<group>";
		};
/* End PBXGroup section */

/* Begin PBXNativeTarget section */
		F8EAE7F51D5FA6A900D60DAB /* Klozet */ = {
			isa = PBXNativeTarget;
			buildConfigurationList = F8EAE81E1D5FA6A900D60DAB /* Build configuration list for PBXNativeTarget "Klozet" */;
			buildPhases = (
				F8EAE7F21D5FA6A900D60DAB /* Sources */,
				F8EAE7F31D5FA6A900D60DAB /* Frameworks */,
				F8EAE7F41D5FA6A900D60DAB /* Resources */,
				F8EAE8311D5FB53000D60DAB /* CopyFiles */,
			);
			buildRules = (
			);
			dependencies = (
			);
			name = Klozet;
			productName = Klozet;
			productReference = F8EAE7F61D5FA6A900D60DAB /* Klozet.app */;
			productType = "com.apple.product-type.application";
		};
		F8EAE8091D5FA6A900D60DAB /* KlozetTests */ = {
			isa = PBXNativeTarget;
			buildConfigurationList = F8EAE8211D5FA6A900D60DAB /* Build configuration list for PBXNativeTarget "KlozetTests" */;
			buildPhases = (
				F8EAE8061D5FA6A900D60DAB /* Sources */,
				F8EAE8071D5FA6A900D60DAB /* Frameworks */,
				F8EAE8081D5FA6A900D60DAB /* Resources */,
			);
			buildRules = (
			);
			dependencies = (
				F8EAE80C1D5FA6A900D60DAB /* PBXTargetDependency */,
			);
			name = KlozetTests;
			productName = KlozetTests;
			productReference = F8EAE80A1D5FA6A900D60DAB /* KlozetTests.xctest */;
			productType = "com.apple.product-type.bundle.unit-test";
		};
		F8EAE8141D5FA6A900D60DAB /* KlozetUITests */ = {
			isa = PBXNativeTarget;
			buildConfigurationList = F8EAE8241D5FA6A900D60DAB /* Build configuration list for PBXNativeTarget "KlozetUITests" */;
			buildPhases = (
				F8EAE8111D5FA6A900D60DAB /* Sources */,
				F8EAE8121D5FA6A900D60DAB /* Frameworks */,
				F8EAE8131D5FA6A900D60DAB /* Resources */,
			);
			buildRules = (
			);
			dependencies = (
				F8EAE8171D5FA6A900D60DAB /* PBXTargetDependency */,
			);
			name = KlozetUITests;
			productName = KlozetUITests;
			productReference = F8EAE8151D5FA6A900D60DAB /* KlozetUITests.xctest */;
			productType = "com.apple.product-type.bundle.ui-testing";
		};
/* End PBXNativeTarget section */

/* Begin PBXProject section */
		F8EAE7EE1D5FA6A900D60DAB /* Project object */ = {
			isa = PBXProject;
			attributes = {
				LastSwiftUpdateCheck = 0730;
				LastUpgradeCheck = 0800;
				ORGANIZATIONNAME = "Marek Fořt";
				TargetAttributes = {
					F8EAE7F51D5FA6A900D60DAB = {
						CreatedOnToolsVersion = 7.3.1;
						DevelopmentTeam = QH95ER52SG;
						LastSwiftMigration = 0800;
						ProvisioningStyle = Automatic;
					};
					F8EAE8091D5FA6A900D60DAB = {
						CreatedOnToolsVersion = 7.3.1;
						DevelopmentTeam = QH95ER52SG;
						LastSwiftMigration = 0800;
						ProvisioningStyle = Automatic;
						TestTargetID = F8EAE7F51D5FA6A900D60DAB;
					};
					F8EAE8141D5FA6A900D60DAB = {
						CreatedOnToolsVersion = 7.3.1;
						LastSwiftMigration = 0800;
						ProvisioningStyle = Manual;
						TestTargetID = F8EAE7F51D5FA6A900D60DAB;
					};
				};
			};
			buildConfigurationList = F8EAE7F11D5FA6A900D60DAB /* Build configuration list for PBXProject "Klozet" */;
			compatibilityVersion = "Xcode 3.2";
			developmentRegion = English;
			hasScannedForEncodings = 0;
			knownRegions = (
				en,
				Base,
			);
			mainGroup = F8EAE7ED1D5FA6A900D60DAB;
			productRefGroup = F8EAE7F71D5FA6A900D60DAB /* Products */;
			projectDirPath = "";
			projectRoot = "";
			targets = (
				F8EAE7F51D5FA6A900D60DAB /* Klozet */,
				F8EAE8091D5FA6A900D60DAB /* KlozetTests */,
				F8EAE8141D5FA6A900D60DAB /* KlozetUITests */,
			);
		};
/* End PBXProject section */

/* Begin PBXResourcesBuildPhase section */
		F8EAE7F41D5FA6A900D60DAB /* Resources */ = {
			isa = PBXResourcesBuildPhase;
			buildActionMask = 2147483647;
			files = (
				F8EAE8041D5FA6A900D60DAB /* LaunchScreen.storyboard in Resources */,
				F8EAE8011D5FA6A900D60DAB /* Assets.xcassets in Resources */,
				F8EAE7FF1D5FA6A900D60DAB /* Main.storyboard in Resources */,
			);
			runOnlyForDeploymentPostprocessing = 0;
		};
		F8EAE8081D5FA6A900D60DAB /* Resources */ = {
			isa = PBXResourcesBuildPhase;
			buildActionMask = 2147483647;
			files = (
			);
			runOnlyForDeploymentPostprocessing = 0;
		};
		F8EAE8131D5FA6A900D60DAB /* Resources */ = {
			isa = PBXResourcesBuildPhase;
			buildActionMask = 2147483647;
			files = (
			);
			runOnlyForDeploymentPostprocessing = 0;
		};
/* End PBXResourcesBuildPhase section */

/* Begin PBXSourcesBuildPhase section */
		F8EAE7F21D5FA6A900D60DAB /* Sources */ = {
			isa = PBXSourcesBuildPhase;
			buildActionMask = 2147483647;
			files = (
				F8EAE83C1D630E0500D60DAB /* VIewControllerInterface.swift in Sources */,
				F87C8C5E1D873F4F00B9C6EF /* Filter.swift in Sources */,
				F82FB1C81D82B7C3001FE39D /* FilterOpen.swift in Sources */,
				F82FB1BA1D809F27001FE39D /* Directions.swift in Sources */,
				F8243BE91DA2927400BE5D13 /* DetailMapView.swift in Sources */,
				F8E541541D744CA600BA4BE7 /* Extensions.swift in Sources */,
				F818D4481D88482E009B153C /* Constants.swift in Sources */,
				F82884C11D957E7600F1A737 /* DetailTableView.swift in Sources */,
				F8775B0B1D908104003B9F4D /* ListButtonDelegate.swift in Sources */,
				F82FB1BE1D81BA41001FE39D /* UserLocation.swift in Sources */,
				F8775B091D8EBAAF003B9F4D /* ListButton.swift in Sources */,
				F8243BEB1DA2F3C700BE5D13 /* SingleToiletViewController.swift in Sources */,
				F8778B5C1D999DDE005ACA43 /* OpenTimeCell.swift in Sources */,
				F82FB1BC1D80AA02001FE39D /* ToiletAnnotationView.swift in Sources */,
				F82655481D930A190007A089 /* ListActivity.swift in Sources */,
				F8778B5E1D9ABFE8005ACA43 /* PriceCell.swift in Sources */,
				F8778B601D9D7D13005ACA43 /* MapInfo.swift in Sources */,
				F8775B0D1D919255003B9F4D /* DetailViewController.swift in Sources */,
				F82FB1C41D81D060001FE39D /* ListCell.swift in Sources */,
				F8EAE7FC1D5FA6A900D60DAB /* ViewController.swift in Sources */,
				F8EAE8351D5FC81300D60DAB /* DataController.swift in Sources */,
				F82FB1CC1D82C82A001FE39D /* FilterOption.swift in Sources */,
				F82FB1CF1D82C8AE001FE39D /* FilterPrice.swift in Sources */,
				F82FB1C01D81C7B6001FE39D /* ListViewController.swift in Sources */,
				F8EAE7FA1D5FA6A900D60DAB /* AppDelegate.swift in Sources */,
				F86F35681D8DDCB6001A8F6C /* ListController.swift in Sources */,
			);
			runOnlyForDeploymentPostprocessing = 0;
		};
		F8EAE8061D5FA6A900D60DAB /* Sources */ = {
			isa = PBXSourcesBuildPhase;
			buildActionMask = 2147483647;
			files = (
				F8EAE80F1D5FA6A900D60DAB /* KlozetTests.swift in Sources */,
			);
			runOnlyForDeploymentPostprocessing = 0;
		};
		F8EAE8111D5FA6A900D60DAB /* Sources */ = {
			isa = PBXSourcesBuildPhase;
			buildActionMask = 2147483647;
			files = (
				F8EAE81A1D5FA6A900D60DAB /* KlozetUITests.swift in Sources */,
			);
			runOnlyForDeploymentPostprocessing = 0;
		};
/* End PBXSourcesBuildPhase section */

/* Begin PBXTargetDependency section */
		F8EAE80C1D5FA6A900D60DAB /* PBXTargetDependency */ = {
			isa = PBXTargetDependency;
			target = F8EAE7F51D5FA6A900D60DAB /* Klozet */;
			targetProxy = F8EAE80B1D5FA6A900D60DAB /* PBXContainerItemProxy */;
		};
		F8EAE8171D5FA6A900D60DAB /* PBXTargetDependency */ = {
			isa = PBXTargetDependency;
			target = F8EAE7F51D5FA6A900D60DAB /* Klozet */;
			targetProxy = F8EAE8161D5FA6A900D60DAB /* PBXContainerItemProxy */;
		};
/* End PBXTargetDependency section */

/* Begin PBXVariantGroup section */
		F8EAE7FD1D5FA6A900D60DAB /* Main.storyboard */ = {
			isa = PBXVariantGroup;
			children = (
				F8EAE7FE1D5FA6A900D60DAB /* Base */,
			);
			name = Main.storyboard;
			sourceTree = "<group>";
		};
		F8EAE8021D5FA6A900D60DAB /* LaunchScreen.storyboard */ = {
			isa = PBXVariantGroup;
			children = (
				F8EAE8031D5FA6A900D60DAB /* Base */,
			);
			name = LaunchScreen.storyboard;
			sourceTree = "<group>";
		};
/* End PBXVariantGroup section */

/* Begin XCBuildConfiguration section */
		F8EAE81D1D5FA6A900D60DAB /* Release */ = {
			isa = XCBuildConfiguration;
			buildSettings = {
				ALWAYS_SEARCH_USER_PATHS = NO;
				CLANG_ANALYZER_NONNULL = YES;
				CLANG_CXX_LANGUAGE_STANDARD = "gnu++0x";
				CLANG_CXX_LIBRARY = "libc++";
				CLANG_ENABLE_MODULES = YES;
				CLANG_ENABLE_OBJC_ARC = YES;
				CLANG_WARN_BOOL_CONVERSION = YES;
				CLANG_WARN_CONSTANT_CONVERSION = YES;
				CLANG_WARN_DIRECT_OBJC_ISA_USAGE = YES_ERROR;
				CLANG_WARN_EMPTY_BODY = YES;
				CLANG_WARN_ENUM_CONVERSION = YES;
				CLANG_WARN_INFINITE_RECURSION = YES;
				CLANG_WARN_INT_CONVERSION = YES;
				CLANG_WARN_OBJC_ROOT_CLASS = YES_ERROR;
				CLANG_WARN_SUSPICIOUS_MOVE = YES;
				CLANG_WARN_UNREACHABLE_CODE = YES;
				CLANG_WARN__DUPLICATE_METHOD_MATCH = YES;
				"CODE_SIGN_IDENTITY[sdk=iphoneos*]" = "iPhone Developer";
				COPY_PHASE_STRIP = NO;
				DEBUG_INFORMATION_FORMAT = "dwarf-with-dsym";
				ENABLE_NS_ASSERTIONS = NO;
				ENABLE_STRICT_OBJC_MSGSEND = YES;
				GCC_C_LANGUAGE_STANDARD = gnu99;
				GCC_NO_COMMON_BLOCKS = YES;
				GCC_WARN_64_TO_32_BIT_CONVERSION = YES;
				GCC_WARN_ABOUT_RETURN_TYPE = YES_ERROR;
				GCC_WARN_UNDECLARED_SELECTOR = YES;
				GCC_WARN_UNINITIALIZED_AUTOS = YES_AGGRESSIVE;
				GCC_WARN_UNUSED_FUNCTION = YES;
				GCC_WARN_UNUSED_VARIABLE = YES;
				IPHONEOS_DEPLOYMENT_TARGET = 9.3;
				MTL_ENABLE_DEBUG_INFO = NO;
				SDKROOT = iphoneos;
				SWIFT_OPTIMIZATION_LEVEL = "-Owholemodule";
				TARGETED_DEVICE_FAMILY = "1,2";
				VALIDATE_PRODUCT = YES;
			};
			name = Release;
		};
		F8EAE8201D5FA6A900D60DAB /* Release */ = {
			isa = XCBuildConfiguration;
			buildSettings = {
				ASSETCATALOG_COMPILER_APPICON_NAME = AppIcon;
				"CODE_SIGN_IDENTITY[sdk=iphoneos*]" = "iPhone Developer";
				DEVELOPMENT_TEAM = QH95ER52SG;
				ENABLE_TESTABILITY = YES;
				FRAMEWORK_SEARCH_PATHS = (
					"$(inherited)",
					"$(PROJECT_DIR)/Carthage/Build/iOS",
				);
				INFOPLIST_FILE = Klozet/Info.plist;
				IPHONEOS_DEPLOYMENT_TARGET = 9.0;
				LD_RUNPATH_SEARCH_PATHS = "$(inherited) @executable_path/Frameworks";
				PRODUCT_BUNDLE_IDENTIFIER = marekfort.Klozet;
				PRODUCT_NAME = "$(TARGET_NAME)";
				SWIFT_VERSION = 3.0;
			};
			name = Release;
		};
		F8EAE8231D5FA6A900D60DAB /* Release */ = {
			isa = XCBuildConfiguration;
			buildSettings = {
				BUNDLE_LOADER = "$(TEST_HOST)";
				"CODE_SIGN_IDENTITY[sdk=iphoneos*]" = "iPhone Developer";
				DEVELOPMENT_TEAM = QH95ER52SG;
				INFOPLIST_FILE = KlozetTests/Info.plist;
				LD_RUNPATH_SEARCH_PATHS = "$(inherited) @executable_path/Frameworks @loader_path/Frameworks";
				PRODUCT_BUNDLE_IDENTIFIER = marekfort.KlozetTests;
				PRODUCT_NAME = "$(TARGET_NAME)";
				SWIFT_VERSION = 3.0;
				TEST_HOST = "$(BUILT_PRODUCTS_DIR)/Klozet.app/Klozet";
			};
			name = Release;
		};
		F8EAE8261D5FA6A900D60DAB /* Release */ = {
			isa = XCBuildConfiguration;
			buildSettings = {
				"CODE_SIGN_IDENTITY[sdk=iphoneos*]" = "iPhone Developer";
				DEVELOPMENT_TEAM = "";
				INFOPLIST_FILE = KlozetUITests/Info.plist;
				LD_RUNPATH_SEARCH_PATHS = "$(inherited) @executable_path/Frameworks @loader_path/Frameworks";
				PRODUCT_BUNDLE_IDENTIFIER = marekfort.KlozetUITests;
				PRODUCT_NAME = "$(TARGET_NAME)";
				SWIFT_VERSION = 3.0;
				TEST_TARGET_NAME = Klozet;
			};
			name = Release;
		};
/* End XCBuildConfiguration section */

/* Begin XCConfigurationList section */
		F8EAE7F11D5FA6A900D60DAB /* Build configuration list for PBXProject "Klozet" */ = {
			isa = XCConfigurationList;
			buildConfigurations = (
				F8EAE81D1D5FA6A900D60DAB /* Release */,
			);
			defaultConfigurationIsVisible = 0;
			defaultConfigurationName = Release;
		};
		F8EAE81E1D5FA6A900D60DAB /* Build configuration list for PBXNativeTarget "Klozet" */ = {
			isa = XCConfigurationList;
			buildConfigurations = (
				F8EAE8201D5FA6A900D60DAB /* Release */,
			);
			defaultConfigurationIsVisible = 0;
			defaultConfigurationName = Release;
		};
		F8EAE8211D5FA6A900D60DAB /* Build configuration list for PBXNativeTarget "KlozetTests" */ = {
			isa = XCConfigurationList;
			buildConfigurations = (
				F8EAE8231D5FA6A900D60DAB /* Release */,
			);
			defaultConfigurationIsVisible = 0;
			defaultConfigurationName = Release;
		};
		F8EAE8241D5FA6A900D60DAB /* Build configuration list for PBXNativeTarget "KlozetUITests" */ = {
			isa = XCConfigurationList;
			buildConfigurations = (
				F8EAE8261D5FA6A900D60DAB /* Release */,
			);
			defaultConfigurationIsVisible = 0;
			defaultConfigurationName = Release;
		};
/* End XCConfigurationList section */
	};
	rootObject = F8EAE7EE1D5FA6A900D60DAB /* Project object */;
}
