// !$*UTF8*$!
{
	archiveVersion = 1;
	classes = {
	};
	objectVersion = 46;
	objects = {

/* Begin PBXBuildFile section */
		38448C25D99E81886C14BBA6 /* Pods_KlozetTests.framework in Frameworks */ = {isa = PBXBuildFile; fileRef = 7DE514F1EDEB00D1C8F927A3 /* Pods_KlozetTests.framework */; };
		7E8A621CAB900EC1EA34D4DC /* Pods_Klozet.framework in Frameworks */ = {isa = PBXBuildFile; fileRef = 5B55D4D326062FED854ACAB4 /* Pods_Klozet.framework */; };
		C9A340FD3DE0D1E4E0C6F1B6 /* Pods_KlozetUITests.framework in Frameworks */ = {isa = PBXBuildFile; fileRef = 93639C254FB11FBAEAB66E19 /* Pods_KlozetUITests.framework */; };
		F80FC7D41DA99B5200D4FC05 /* SupportCell.swift in Sources */ = {isa = PBXBuildFile; fileRef = F80FC7D31DA99B5200D4FC05 /* SupportCell.swift */; };
		F80FC7D61DAC298300D4FC05 /* ImageSlides.swift in Sources */ = {isa = PBXBuildFile; fileRef = F80FC7D51DAC298200D4FC05 /* ImageSlides.swift */; };
		F818D4481D88482E009B153C /* Constants.swift in Sources */ = {isa = PBXBuildFile; fileRef = F818D4471D88482E009B153C /* Constants.swift */; };
		F81B79191DBFD73A00812139 /* Localizable.strings in Resources */ = {isa = PBXBuildFile; fileRef = F81B791B1DBFD73A00812139 /* Localizable.strings */; };
		F81B79321DC0EE2D00812139 /* InfoPlist.strings in Resources */ = {isa = PBXBuildFile; fileRef = F81B79341DC0EE2D00812139 /* InfoPlist.strings */; };
		F8243BEB1DA2F3C700BE5D13 /* SingleToiletViewController.swift in Sources */ = {isa = PBXBuildFile; fileRef = F8243BEA1DA2F3C700BE5D13 /* SingleToiletViewController.swift */; };
		F82655481D930A190007A089 /* ListActivity.swift in Sources */ = {isa = PBXBuildFile; fileRef = F82655471D930A190007A089 /* ListActivity.swift */; };
		F82884C11D957E7600F1A737 /* DetailTableView.swift in Sources */ = {isa = PBXBuildFile; fileRef = F82884C01D957E7600F1A737 /* DetailTableView.swift */; };
		F82FB1BA1D809F27001FE39D /* Directions.swift in Sources */ = {isa = PBXBuildFile; fileRef = F82FB1B91D809F27001FE39D /* Directions.swift */; };
		F82FB1BC1D80AA02001FE39D /* ToiletAnnotationView.swift in Sources */ = {isa = PBXBuildFile; fileRef = F82FB1BB1D80AA02001FE39D /* ToiletAnnotationView.swift */; };
		F82FB1BE1D81BA41001FE39D /* UserLocation.swift in Sources */ = {isa = PBXBuildFile; fileRef = F82FB1BD1D81BA41001FE39D /* UserLocation.swift */; };
		F82FB1C01D81C7B6001FE39D /* ListViewController.swift in Sources */ = {isa = PBXBuildFile; fileRef = F82FB1BF1D81C7B6001FE39D /* ListViewController.swift */; };
		F82FB1C41D81D060001FE39D /* ListCell.swift in Sources */ = {isa = PBXBuildFile; fileRef = F82FB1C31D81D060001FE39D /* ListCell.swift */; };
		F82FB1C81D82B7C3001FE39D /* FilterOpen.swift in Sources */ = {isa = PBXBuildFile; fileRef = F82FB1C71D82B7C3001FE39D /* FilterOpen.swift */; };
		F82FB1CC1D82C82A001FE39D /* FilterOption.swift in Sources */ = {isa = PBXBuildFile; fileRef = F82FB1CB1D82C82A001FE39D /* FilterOption.swift */; };
		F82FB1CF1D82C8AE001FE39D /* FilterPrice.swift in Sources */ = {isa = PBXBuildFile; fileRef = F82FB1CE1D82C8AE001FE39D /* FilterPrice.swift */; };
		F83B201B1DC60538006C1D92 /* DetailMapView.swift in Sources */ = {isa = PBXBuildFile; fileRef = F83B20191DC60456006C1D92 /* DetailMapView.swift */; };
		F83CB9BC1FCF3B2C002CECDC /* Toilet.swift in Sources */ = {isa = PBXBuildFile; fileRef = F83CB9BB1FCF3B2C002CECDC /* Toilet.swift */; };
		F83CB9BE1FCF3B63002CECDC /* OpenTimes.swift in Sources */ = {isa = PBXBuildFile; fileRef = F83CB9BD1FCF3B63002CECDC /* OpenTimes.swift */; };
		F83CB9C01FCF3B84002CECDC /* Address.swift in Sources */ = {isa = PBXBuildFile; fileRef = F83CB9BF1FCF3B84002CECDC /* Address.swift */; };
		F83CB9C31FCF3CC8002CECDC /* ToiletViewModelTests.swift in Sources */ = {isa = PBXBuildFile; fileRef = F83CB9C21FCF3CC8002CECDC /* ToiletViewModelTests.swift */; };
		F858907B1DC9043D00F1C3F1 /* SnapshotHelper.swift in Sources */ = {isa = PBXBuildFile; fileRef = F858907A1DC9043D00F1C3F1 /* SnapshotHelper.swift */; };
		F86EF5C41DA6EBA40095CCEB /* SettingsViewController.swift in Sources */ = {isa = PBXBuildFile; fileRef = F86EF5C31DA6EBA40095CCEB /* SettingsViewController.swift */; };
		F86EF5C61DA98B5F0095CCEB /* SettingsTableView.swift in Sources */ = {isa = PBXBuildFile; fileRef = F86EF5C51DA98B5F0095CCEB /* SettingsTableView.swift */; };
		F86F35681D8DDCB6001A8F6C /* ListController.swift in Sources */ = {isa = PBXBuildFile; fileRef = F86F35671D8DDCB5001A8F6C /* ListController.swift */; };
		F8775B091D8EBAAF003B9F4D /* ListButton.swift in Sources */ = {isa = PBXBuildFile; fileRef = F8775B081D8EBAAF003B9F4D /* ListButton.swift */; };
		F8775B0B1D908104003B9F4D /* ListButtonDelegate.swift in Sources */ = {isa = PBXBuildFile; fileRef = F8775B0A1D908104003B9F4D /* ListButtonDelegate.swift */; };
		F8775B0D1D919255003B9F4D /* DetailViewController.swift in Sources */ = {isa = PBXBuildFile; fileRef = F8775B0C1D919255003B9F4D /* DetailViewController.swift */; };
		F8778B5C1D999DDE005ACA43 /* OpenTimeCell.swift in Sources */ = {isa = PBXBuildFile; fileRef = F8778B5B1D999DDE005ACA43 /* OpenTimeCell.swift */; };
		F8778B5E1D9ABFE8005ACA43 /* PriceCell.swift in Sources */ = {isa = PBXBuildFile; fileRef = F8778B5D1D9ABFE8005ACA43 /* PriceCell.swift */; };
		F8778B601D9D7D13005ACA43 /* MapInfo.swift in Sources */ = {isa = PBXBuildFile; fileRef = F8778B5F1D9D7D13005ACA43 /* MapInfo.swift */; };
		F87BEE201FCF24400059F862 /* APIService.swift in Sources */ = {isa = PBXBuildFile; fileRef = F87BEE1F1FCF24400059F862 /* APIService.swift */; };
		F87BEE221FCF2B920059F862 /* CodableError.swift in Sources */ = {isa = PBXBuildFile; fileRef = F87BEE211FCF2B920059F862 /* CodableError.swift */; };
		F87BEE241FCF2E410059F862 /* ToiletViewModel.swift in Sources */ = {isa = PBXBuildFile; fileRef = F87BEE231FCF2E410059F862 /* ToiletViewModel.swift */; };
		F87C8C5E1D873F4F00B9C6EF /* Filter.swift in Sources */ = {isa = PBXBuildFile; fileRef = F87C8C5D1D873F4F00B9C6EF /* Filter.swift */; };
		F87CE85F1F9FB14400D98515 /* TabBarController.swift in Sources */ = {isa = PBXBuildFile; fileRef = F87CE85E1F9FB14400D98515 /* TabBarController.swift */; };
		F8C41A6D1F9A42B700E16612 /* UIColor+UIFontExtension.swift in Sources */ = {isa = PBXBuildFile; fileRef = F8C41A6C1F9A42B700E16612 /* UIColor+UIFontExtension.swift */; };
		F8C41A6F1F9A46D700E16612 /* Images.swift in Sources */ = {isa = PBXBuildFile; fileRef = F8C41A6E1F9A46D700E16612 /* Images.swift */; };
		F8C41A721F9A4C1C00E16612 /* UIKitExtensions.swift in Sources */ = {isa = PBXBuildFile; fileRef = F8C41A711F9A4C1C00E16612 /* UIKitExtensions.swift */; };
		F8E541541D744CA600BA4BE7 /* Extensions.swift in Sources */ = {isa = PBXBuildFile; fileRef = F8E541531D744CA600BA4BE7 /* Extensions.swift */; };
		F8EAE7FA1D5FA6A900D60DAB /* AppDelegate.swift in Sources */ = {isa = PBXBuildFile; fileRef = F8EAE7F91D5FA6A900D60DAB /* AppDelegate.swift */; };
		F8EAE7FC1D5FA6A900D60DAB /* ViewController.swift in Sources */ = {isa = PBXBuildFile; fileRef = F8EAE7FB1D5FA6A900D60DAB /* ViewController.swift */; };
		F8EAE7FF1D5FA6A900D60DAB /* Main.storyboard in Resources */ = {isa = PBXBuildFile; fileRef = F8EAE7FD1D5FA6A900D60DAB /* Main.storyboard */; };
		F8EAE8011D5FA6A900D60DAB /* Assets.xcassets in Resources */ = {isa = PBXBuildFile; fileRef = F8EAE8001D5FA6A900D60DAB /* Assets.xcassets */; };
		F8EAE8041D5FA6A900D60DAB /* LaunchScreen.storyboard in Resources */ = {isa = PBXBuildFile; fileRef = F8EAE8021D5FA6A900D60DAB /* LaunchScreen.storyboard */; };
		F8EAE80F1D5FA6A900D60DAB /* KlozetTests.swift in Sources */ = {isa = PBXBuildFile; fileRef = F8EAE80E1D5FA6A900D60DAB /* KlozetTests.swift */; };
		F8EAE81A1D5FA6A900D60DAB /* KlozetUITests.swift in Sources */ = {isa = PBXBuildFile; fileRef = F8EAE8191D5FA6A900D60DAB /* KlozetUITests.swift */; };
		F8EAE82A1D5FAAF300D60DAB /* MapKit.framework in Frameworks */ = {isa = PBXBuildFile; fileRef = F8EAE8291D5FAAF300D60DAB /* MapKit.framework */; };
		F8EAE83A1D6072EF00D60DAB /* CoreLocation.framework in Frameworks */ = {isa = PBXBuildFile; fileRef = F8EAE8391D6072EF00D60DAB /* CoreLocation.framework */; };
		F8EAE83C1D630E0500D60DAB /* VIewControllerInterface.swift in Sources */ = {isa = PBXBuildFile; fileRef = F8EAE83B1D630E0500D60DAB /* VIewControllerInterface.swift */; };
/* End PBXBuildFile section */

/* Begin PBXContainerItemProxy section */
		F8EAE80B1D5FA6A900D60DAB /* PBXContainerItemProxy */ = {
			isa = PBXContainerItemProxy;
			containerPortal = F8EAE7EE1D5FA6A900D60DAB /* Project object */;
			proxyType = 1;
			remoteGlobalIDString = F8EAE7F51D5FA6A900D60DAB;
			remoteInfo = Klozet;
		};
		F8EAE8161D5FA6A900D60DAB /* PBXContainerItemProxy */ = {
			isa = PBXContainerItemProxy;
			containerPortal = F8EAE7EE1D5FA6A900D60DAB /* Project object */;
			proxyType = 1;
			remoteGlobalIDString = F8EAE7F51D5FA6A900D60DAB;
			remoteInfo = Klozet;
		};
/* End PBXContainerItemProxy section */

/* Begin PBXCopyFilesBuildPhase section */
		F8EAE8311D5FB53000D60DAB /* CopyFiles */ = {
			isa = PBXCopyFilesBuildPhase;
			buildActionMask = 12;
			dstPath = "";
			dstSubfolderSpec = 10;
			files = (
			);
			runOnlyForDeploymentPostprocessing = 0;
		};
/* End PBXCopyFilesBuildPhase section */

/* Begin PBXFileReference section */
		182FCC4E410E72C6C4A26B1B /* Pods-KlozetUITests.release.xcconfig */ = {isa = PBXFileReference; includeInIndex = 1; lastKnownFileType = text.xcconfig; name = "Pods-KlozetUITests.release.xcconfig"; path = "Pods/Target Support Files/Pods-KlozetUITests/Pods-KlozetUITests.release.xcconfig"; sourceTree = "<group>"; };
		1F76E0CF6A8949547037658F /* Pods-KlozetUITests.debug.xcconfig */ = {isa = PBXFileReference; includeInIndex = 1; lastKnownFileType = text.xcconfig; name = "Pods-KlozetUITests.debug.xcconfig"; path = "Pods/Target Support Files/Pods-KlozetUITests/Pods-KlozetUITests.debug.xcconfig"; sourceTree = "<group>"; };
		3BE3E28D5EB85723CEEDF5D1 /* Pods-Klozet.release.xcconfig */ = {isa = PBXFileReference; includeInIndex = 1; lastKnownFileType = text.xcconfig; name = "Pods-Klozet.release.xcconfig"; path = "Pods/Target Support Files/Pods-Klozet/Pods-Klozet.release.xcconfig"; sourceTree = "<group>"; };
		5B55D4D326062FED854ACAB4 /* Pods_Klozet.framework */ = {isa = PBXFileReference; explicitFileType = wrapper.framework; includeInIndex = 0; path = Pods_Klozet.framework; sourceTree = BUILT_PRODUCTS_DIR; };
		64FAEE6D86EBB51AC1E892EC /* Pods-KlozetTests.release.xcconfig */ = {isa = PBXFileReference; includeInIndex = 1; lastKnownFileType = text.xcconfig; name = "Pods-KlozetTests.release.xcconfig"; path = "Pods/Target Support Files/Pods-KlozetTests/Pods-KlozetTests.release.xcconfig"; sourceTree = "<group>"; };
		67D98F14D4389FC6AA72E2F3 /* Pods-KlozetTests.debug.xcconfig */ = {isa = PBXFileReference; includeInIndex = 1; lastKnownFileType = text.xcconfig; name = "Pods-KlozetTests.debug.xcconfig"; path = "Pods/Target Support Files/Pods-KlozetTests/Pods-KlozetTests.debug.xcconfig"; sourceTree = "<group>"; };
		68349D920E93E823BFCB4670 /* Pods-Klozet.debug.xcconfig */ = {isa = PBXFileReference; includeInIndex = 1; lastKnownFileType = text.xcconfig; name = "Pods-Klozet.debug.xcconfig"; path = "Pods/Target Support Files/Pods-Klozet/Pods-Klozet.debug.xcconfig"; sourceTree = "<group>"; };
		7DE514F1EDEB00D1C8F927A3 /* Pods_KlozetTests.framework */ = {isa = PBXFileReference; explicitFileType = wrapper.framework; includeInIndex = 0; path = Pods_KlozetTests.framework; sourceTree = BUILT_PRODUCTS_DIR; };
		93639C254FB11FBAEAB66E19 /* Pods_KlozetUITests.framework */ = {isa = PBXFileReference; explicitFileType = wrapper.framework; includeInIndex = 0; path = Pods_KlozetUITests.framework; sourceTree = BUILT_PRODUCTS_DIR; };
		F80FC7D31DA99B5200D4FC05 /* SupportCell.swift */ = {isa = PBXFileReference; fileEncoding = 4; lastKnownFileType = sourcecode.swift; path = SupportCell.swift; sourceTree = "<group>"; };
		F80FC7D51DAC298200D4FC05 /* ImageSlides.swift */ = {isa = PBXFileReference; fileEncoding = 4; lastKnownFileType = sourcecode.swift; path = ImageSlides.swift; sourceTree = "<group>"; };
		F818D4471D88482E009B153C /* Constants.swift */ = {isa = PBXFileReference; fileEncoding = 4; lastKnownFileType = sourcecode.swift; path = Constants.swift; sourceTree = "<group>"; };
		F81B79151DBFD60900812139 /* cs */ = {isa = PBXFileReference; lastKnownFileType = text.plist.strings; name = cs; path = cs.lproj/Main.strings; sourceTree = "<group>"; };
		F81B79161DBFD60A00812139 /* cs */ = {isa = PBXFileReference; lastKnownFileType = text.plist.strings; name = cs; path = cs.lproj/LaunchScreen.strings; sourceTree = "<group>"; };
		F81B791A1DBFD73A00812139 /* Base */ = {isa = PBXFileReference; lastKnownFileType = text.plist.strings; name = Base; path = Base.lproj/Localizable.strings; sourceTree = "<group>"; };
		F81B791C1DBFD73D00812139 /* cs */ = {isa = PBXFileReference; lastKnownFileType = text.plist.strings; name = cs; path = cs.lproj/Localizable.strings; sourceTree = "<group>"; };
		F81B79331DC0EE2D00812139 /* cs */ = {isa = PBXFileReference; lastKnownFileType = text.plist.strings; name = cs; path = cs.lproj/InfoPlist.strings; sourceTree = "<group>"; };
		F81B79351DC0EE3600812139 /* Base */ = {isa = PBXFileReference; lastKnownFileType = text.plist.strings; name = Base; path = Base.lproj/InfoPlist.strings; sourceTree = "<group>"; };
		F8243BEA1DA2F3C700BE5D13 /* SingleToiletViewController.swift */ = {isa = PBXFileReference; fileEncoding = 4; lastKnownFileType = sourcecode.swift; path = SingleToiletViewController.swift; sourceTree = "<group>"; };
		F82655471D930A190007A089 /* ListActivity.swift */ = {isa = PBXFileReference; fileEncoding = 4; lastKnownFileType = sourcecode.swift; path = ListActivity.swift; sourceTree = "<group>"; };
		F82884C01D957E7600F1A737 /* DetailTableView.swift */ = {isa = PBXFileReference; fileEncoding = 4; lastKnownFileType = sourcecode.swift; path = DetailTableView.swift; sourceTree = "<group>"; };
		F82FB1B91D809F27001FE39D /* Directions.swift */ = {isa = PBXFileReference; fileEncoding = 4; lastKnownFileType = sourcecode.swift; path = Directions.swift; sourceTree = "<group>"; };
		F82FB1BB1D80AA02001FE39D /* ToiletAnnotationView.swift */ = {isa = PBXFileReference; fileEncoding = 4; lastKnownFileType = sourcecode.swift; path = ToiletAnnotationView.swift; sourceTree = "<group>"; };
		F82FB1BD1D81BA41001FE39D /* UserLocation.swift */ = {isa = PBXFileReference; fileEncoding = 4; lastKnownFileType = sourcecode.swift; path = UserLocation.swift; sourceTree = "<group>"; };
		F82FB1BF1D81C7B6001FE39D /* ListViewController.swift */ = {isa = PBXFileReference; fileEncoding = 4; lastKnownFileType = sourcecode.swift; path = ListViewController.swift; sourceTree = "<group>"; };
		F82FB1C31D81D060001FE39D /* ListCell.swift */ = {isa = PBXFileReference; fileEncoding = 4; lastKnownFileType = sourcecode.swift; path = ListCell.swift; sourceTree = "<group>"; };
		F82FB1C71D82B7C3001FE39D /* FilterOpen.swift */ = {isa = PBXFileReference; fileEncoding = 4; lastKnownFileType = sourcecode.swift; path = FilterOpen.swift; sourceTree = "<group>"; };
		F82FB1CB1D82C82A001FE39D /* FilterOption.swift */ = {isa = PBXFileReference; fileEncoding = 4; lastKnownFileType = sourcecode.swift; path = FilterOption.swift; sourceTree = "<group>"; };
		F82FB1CE1D82C8AE001FE39D /* FilterPrice.swift */ = {isa = PBXFileReference; fileEncoding = 4; lastKnownFileType = sourcecode.swift; path = FilterPrice.swift; sourceTree = "<group>"; };
		F83B20191DC60456006C1D92 /* DetailMapView.swift */ = {isa = PBXFileReference; fileEncoding = 4; lastKnownFileType = sourcecode.swift; path = DetailMapView.swift; sourceTree = "<group>"; };
		F83CB9BB1FCF3B2C002CECDC /* Toilet.swift */ = {isa = PBXFileReference; lastKnownFileType = sourcecode.swift; path = Toilet.swift; sourceTree = "<group>"; };
		F83CB9BD1FCF3B63002CECDC /* OpenTimes.swift */ = {isa = PBXFileReference; lastKnownFileType = sourcecode.swift; path = OpenTimes.swift; sourceTree = "<group>"; };
		F83CB9BF1FCF3B84002CECDC /* Address.swift */ = {isa = PBXFileReference; lastKnownFileType = sourcecode.swift; path = Address.swift; sourceTree = "<group>"; };
		F83CB9C21FCF3CC8002CECDC /* ToiletViewModelTests.swift */ = {isa = PBXFileReference; lastKnownFileType = sourcecode.swift; path = ToiletViewModelTests.swift; sourceTree = "<group>"; };
		F858907A1DC9043D00F1C3F1 /* SnapshotHelper.swift */ = {isa = PBXFileReference; fileEncoding = 4; lastKnownFileType = sourcecode.swift; name = SnapshotHelper.swift; path = fastlane/SnapshotHelper.swift; sourceTree = SOURCE_ROOT; };
		F86EF5C31DA6EBA40095CCEB /* SettingsViewController.swift */ = {isa = PBXFileReference; fileEncoding = 4; lastKnownFileType = sourcecode.swift; path = SettingsViewController.swift; sourceTree = "<group>"; };
		F86EF5C51DA98B5F0095CCEB /* SettingsTableView.swift */ = {isa = PBXFileReference; fileEncoding = 4; lastKnownFileType = sourcecode.swift; path = SettingsTableView.swift; sourceTree = "<group>"; };
		F86F35671D8DDCB5001A8F6C /* ListController.swift */ = {isa = PBXFileReference; fileEncoding = 4; lastKnownFileType = sourcecode.swift; path = ListController.swift; sourceTree = "<group>"; };
		F8775B081D8EBAAF003B9F4D /* ListButton.swift */ = {isa = PBXFileReference; fileEncoding = 4; lastKnownFileType = sourcecode.swift; path = ListButton.swift; sourceTree = "<group>"; };
		F8775B0A1D908104003B9F4D /* ListButtonDelegate.swift */ = {isa = PBXFileReference; fileEncoding = 4; lastKnownFileType = sourcecode.swift; path = ListButtonDelegate.swift; sourceTree = "<group>"; };
		F8775B0C1D919255003B9F4D /* DetailViewController.swift */ = {isa = PBXFileReference; fileEncoding = 4; lastKnownFileType = sourcecode.swift; path = DetailViewController.swift; sourceTree = "<group>"; };
		F8778B5B1D999DDE005ACA43 /* OpenTimeCell.swift */ = {isa = PBXFileReference; fileEncoding = 4; lastKnownFileType = sourcecode.swift; path = OpenTimeCell.swift; sourceTree = "<group>"; };
		F8778B5D1D9ABFE8005ACA43 /* PriceCell.swift */ = {isa = PBXFileReference; fileEncoding = 4; lastKnownFileType = sourcecode.swift; path = PriceCell.swift; sourceTree = "<group>"; };
		F8778B5F1D9D7D13005ACA43 /* MapInfo.swift */ = {isa = PBXFileReference; fileEncoding = 4; lastKnownFileType = sourcecode.swift; path = MapInfo.swift; sourceTree = "<group>"; };
		F87BEE1F1FCF24400059F862 /* APIService.swift */ = {isa = PBXFileReference; lastKnownFileType = sourcecode.swift; path = APIService.swift; sourceTree = "<group>"; };
		F87BEE211FCF2B920059F862 /* CodableError.swift */ = {isa = PBXFileReference; lastKnownFileType = sourcecode.swift; path = CodableError.swift; sourceTree = "<group>"; };
		F87BEE231FCF2E410059F862 /* ToiletViewModel.swift */ = {isa = PBXFileReference; lastKnownFileType = sourcecode.swift; path = ToiletViewModel.swift; sourceTree = "<group>"; };
		F87C8C5D1D873F4F00B9C6EF /* Filter.swift */ = {isa = PBXFileReference; fileEncoding = 4; lastKnownFileType = sourcecode.swift; path = Filter.swift; sourceTree = "<group>"; };
		F87CE85E1F9FB14400D98515 /* TabBarController.swift */ = {isa = PBXFileReference; lastKnownFileType = sourcecode.swift; path = TabBarController.swift; sourceTree = "<group>"; };
		F8C41A6C1F9A42B700E16612 /* UIColor+UIFontExtension.swift */ = {isa = PBXFileReference; lastKnownFileType = sourcecode.swift; path = "UIColor+UIFontExtension.swift"; sourceTree = "<group>"; };
		F8C41A6E1F9A46D700E16612 /* Images.swift */ = {isa = PBXFileReference; lastKnownFileType = sourcecode.swift; path = Images.swift; sourceTree = "<group>"; };
		F8C41A711F9A4C1C00E16612 /* UIKitExtensions.swift */ = {isa = PBXFileReference; lastKnownFileType = sourcecode.swift; path = UIKitExtensions.swift; sourceTree = "<group>"; };
		F8E541531D744CA600BA4BE7 /* Extensions.swift */ = {isa = PBXFileReference; fileEncoding = 4; lastKnownFileType = sourcecode.swift; path = Extensions.swift; sourceTree = "<group>"; };
		F8EAE7F61D5FA6A900D60DAB /* Klozet.app */ = {isa = PBXFileReference; explicitFileType = wrapper.application; includeInIndex = 0; path = Klozet.app; sourceTree = BUILT_PRODUCTS_DIR; };
		F8EAE7F91D5FA6A900D60DAB /* AppDelegate.swift */ = {isa = PBXFileReference; lastKnownFileType = sourcecode.swift; path = AppDelegate.swift; sourceTree = "<group>"; };
		F8EAE7FB1D5FA6A900D60DAB /* ViewController.swift */ = {isa = PBXFileReference; lastKnownFileType = sourcecode.swift; path = ViewController.swift; sourceTree = "<group>"; };
		F8EAE7FE1D5FA6A900D60DAB /* Base */ = {isa = PBXFileReference; lastKnownFileType = file.storyboard; name = Base; path = Base.lproj/Main.storyboard; sourceTree = "<group>"; };
		F8EAE8001D5FA6A900D60DAB /* Assets.xcassets */ = {isa = PBXFileReference; lastKnownFileType = folder.assetcatalog; path = Assets.xcassets; sourceTree = "<group>"; };
		F8EAE8031D5FA6A900D60DAB /* Base */ = {isa = PBXFileReference; lastKnownFileType = file.storyboard; name = Base; path = Base.lproj/LaunchScreen.storyboard; sourceTree = "<group>"; };
		F8EAE8051D5FA6A900D60DAB /* Info.plist */ = {isa = PBXFileReference; lastKnownFileType = text.plist.xml; path = Info.plist; sourceTree = "<group>"; };
		F8EAE80A1D5FA6A900D60DAB /* KlozetTests.xctest */ = {isa = PBXFileReference; explicitFileType = wrapper.cfbundle; includeInIndex = 0; path = KlozetTests.xctest; sourceTree = BUILT_PRODUCTS_DIR; };
		F8EAE80E1D5FA6A900D60DAB /* KlozetTests.swift */ = {isa = PBXFileReference; lastKnownFileType = sourcecode.swift; path = KlozetTests.swift; sourceTree = "<group>"; };
		F8EAE8101D5FA6A900D60DAB /* Info.plist */ = {isa = PBXFileReference; lastKnownFileType = text.plist.xml; path = Info.plist; sourceTree = "<group>"; };
		F8EAE8151D5FA6A900D60DAB /* KlozetUITests.xctest */ = {isa = PBXFileReference; explicitFileType = wrapper.cfbundle; includeInIndex = 0; path = KlozetUITests.xctest; sourceTree = BUILT_PRODUCTS_DIR; };
		F8EAE8191D5FA6A900D60DAB /* KlozetUITests.swift */ = {isa = PBXFileReference; lastKnownFileType = sourcecode.swift; path = KlozetUITests.swift; sourceTree = "<group>"; };
		F8EAE81B1D5FA6A900D60DAB /* Info.plist */ = {isa = PBXFileReference; lastKnownFileType = text.plist.xml; path = Info.plist; sourceTree = "<group>"; };
		F8EAE8291D5FAAF300D60DAB /* MapKit.framework */ = {isa = PBXFileReference; lastKnownFileType = wrapper.framework; name = MapKit.framework; path = System/Library/Frameworks/MapKit.framework; sourceTree = SDKROOT; };
		F8EAE8391D6072EF00D60DAB /* CoreLocation.framework */ = {isa = PBXFileReference; lastKnownFileType = wrapper.framework; name = CoreLocation.framework; path = System/Library/Frameworks/CoreLocation.framework; sourceTree = SDKROOT; };
		F8EAE83B1D630E0500D60DAB /* VIewControllerInterface.swift */ = {isa = PBXFileReference; fileEncoding = 4; lastKnownFileType = sourcecode.swift; path = VIewControllerInterface.swift; sourceTree = "<group>"; };
/* End PBXFileReference section */

/* Begin PBXFrameworksBuildPhase section */
		F8EAE7F31D5FA6A900D60DAB /* Frameworks */ = {
			isa = PBXFrameworksBuildPhase;
			buildActionMask = 2147483647;
			files = (
				F8EAE83A1D6072EF00D60DAB /* CoreLocation.framework in Frameworks */,
				F8EAE82A1D5FAAF300D60DAB /* MapKit.framework in Frameworks */,
				7E8A621CAB900EC1EA34D4DC /* Pods_Klozet.framework in Frameworks */,
			);
			runOnlyForDeploymentPostprocessing = 0;
		};
		F8EAE8071D5FA6A900D60DAB /* Frameworks */ = {
			isa = PBXFrameworksBuildPhase;
			buildActionMask = 2147483647;
			files = (
				38448C25D99E81886C14BBA6 /* Pods_KlozetTests.framework in Frameworks */,
			);
			runOnlyForDeploymentPostprocessing = 0;
		};
		F8EAE8121D5FA6A900D60DAB /* Frameworks */ = {
			isa = PBXFrameworksBuildPhase;
			buildActionMask = 2147483647;
			files = (
				C9A340FD3DE0D1E4E0C6F1B6 /* Pods_KlozetUITests.framework in Frameworks */,
			);
			runOnlyForDeploymentPostprocessing = 0;
		};
/* End PBXFrameworksBuildPhase section */

/* Begin PBXGroup section */
		93A0473D30CFB8BEDF3FE02E /* Pods */ = {
			isa = PBXGroup;
			children = (
				68349D920E93E823BFCB4670 /* Pods-Klozet.debug.xcconfig */,
				3BE3E28D5EB85723CEEDF5D1 /* Pods-Klozet.release.xcconfig */,
				67D98F14D4389FC6AA72E2F3 /* Pods-KlozetTests.debug.xcconfig */,
				64FAEE6D86EBB51AC1E892EC /* Pods-KlozetTests.release.xcconfig */,
				1F76E0CF6A8949547037658F /* Pods-KlozetUITests.debug.xcconfig */,
				182FCC4E410E72C6C4A26B1B /* Pods-KlozetUITests.release.xcconfig */,
			);
			name = Pods;
			sourceTree = "<group>";
		};
		C2831FEAD92CB08690D3ADE7 /* Frameworks */ = {
			isa = PBXGroup;
			children = (
				F8EAE8391D6072EF00D60DAB /* CoreLocation.framework */,
				F8EAE8291D5FAAF300D60DAB /* MapKit.framework */,
				5B55D4D326062FED854ACAB4 /* Pods_Klozet.framework */,
				7DE514F1EDEB00D1C8F927A3 /* Pods_KlozetTests.framework */,
				93639C254FB11FBAEAB66E19 /* Pods_KlozetUITests.framework */,
			);
			name = Frameworks;
			sourceTree = "<group>";
		};
		F82884BF1D957E4A00F1A737 /* DetailViewController */ = {
			isa = PBXGroup;
			children = (
				F8775B0C1D919255003B9F4D /* DetailViewController.swift */,
				F80FC7D51DAC298200D4FC05 /* ImageSlides.swift */,
				F83B20191DC60456006C1D92 /* DetailMapView.swift */,
				F82884C01D957E7600F1A737 /* DetailTableView.swift */,
				F8778B5F1D9D7D13005ACA43 /* MapInfo.swift */,
				F8778B5B1D999DDE005ACA43 /* OpenTimeCell.swift */,
				F8778B5D1D9ABFE8005ACA43 /* PriceCell.swift */,
			);
			name = DetailViewController;
			sourceTree = "<group>";
		};
		F82FB1B81D7F5E1F001FE39D /* ViewController */ = {
			isa = PBXGroup;
			children = (
				F8EAE7FB1D5FA6A900D60DAB /* ViewController.swift */,
				F8EAE83B1D630E0500D60DAB /* VIewControllerInterface.swift */,
				F82FB1BD1D81BA41001FE39D /* UserLocation.swift */,
			);
			name = ViewController;
			sourceTree = "<group>";
		};
		F82FB1CD1D82C836001FE39D /* Filter */ = {
			isa = PBXGroup;
			children = (
				F82FB1C71D82B7C3001FE39D /* FilterOpen.swift */,
				F82FB1CE1D82C8AE001FE39D /* FilterPrice.swift */,
				F82FB1CB1D82C82A001FE39D /* FilterOption.swift */,
				F87C8C5D1D873F4F00B9C6EF /* Filter.swift */,
			);
			name = Filter;
			sourceTree = "<group>";
		};
		F83CB9C11FCF3B96002CECDC /* Codables */ = {
			isa = PBXGroup;
			children = (
				F87BEE211FCF2B920059F862 /* CodableError.swift */,
				F83CB9BF1FCF3B84002CECDC /* Address.swift */,
				F83CB9BB1FCF3B2C002CECDC /* Toilet.swift */,
				F83CB9BD1FCF3B63002CECDC /* OpenTimes.swift */,
			);
			name = Codables;
			sourceTree = "<group>";
		};
		F86EF5C71DA98C0D0095CCEB /* SettingsViewController */ = {
			isa = PBXGroup;
			children = (
				F86EF5C31DA6EBA40095CCEB /* SettingsViewController.swift */,
				F86EF5C51DA98B5F0095CCEB /* SettingsTableView.swift */,
				F80FC7D31DA99B5200D4FC05 /* SupportCell.swift */,
			);
			name = SettingsViewController;
			sourceTree = "<group>";
		};
		F86F356A1D8DE772001A8F6C /* ListViewController */ = {
			isa = PBXGroup;
			children = (
				F82FB1BF1D81C7B6001FE39D /* ListViewController.swift */,
				F82655471D930A190007A089 /* ListActivity.swift */,
				F86F35671D8DDCB5001A8F6C /* ListController.swift */,
				F8775B081D8EBAAF003B9F4D /* ListButton.swift */,
				F8775B0A1D908104003B9F4D /* ListButtonDelegate.swift */,
				F82FB1C31D81D060001FE39D /* ListCell.swift */,
			);
			name = ListViewController;
			sourceTree = "<group>";
		};
		F8C41A701F9A46DC00E16612 /* Generated */ = {
			isa = PBXGroup;
			children = (
				F8C41A6E1F9A46D700E16612 /* Images.swift */,
			);
			name = Generated;
			sourceTree = "<group>";
		};
		F8EAE7ED1D5FA6A900D60DAB = {
			isa = PBXGroup;
			children = (
				F8EAE7F81D5FA6A900D60DAB /* Klozet */,
				F8EAE80D1D5FA6A900D60DAB /* KlozetTests */,
				F8EAE8181D5FA6A900D60DAB /* KlozetUITests */,
				F8EAE7F71D5FA6A900D60DAB /* Products */,
				93A0473D30CFB8BEDF3FE02E /* Pods */,
				C2831FEAD92CB08690D3ADE7 /* Frameworks */,
			);
			sourceTree = "<group>";
		};
		F8EAE7F71D5FA6A900D60DAB /* Products */ = {
			isa = PBXGroup;
			children = (
				F8EAE7F61D5FA6A900D60DAB /* Klozet.app */,
				F8EAE80A1D5FA6A900D60DAB /* KlozetTests.xctest */,
				F8EAE8151D5FA6A900D60DAB /* KlozetUITests.xctest */,
			);
			name = Products;
			sourceTree = "<group>";
		};
		F8EAE7F81D5FA6A900D60DAB /* Klozet */ = {
			isa = PBXGroup;
			children = (
				F8EAE7F91D5FA6A900D60DAB /* AppDelegate.swift */,
				F87BEE1F1FCF24400059F862 /* APIService.swift */,
				F83CB9C11FCF3B96002CECDC /* Codables */,
				F87BEE231FCF2E410059F862 /* ToiletViewModel.swift */,
				F87CE85E1F9FB14400D98515 /* TabBarController.swift */,
				F82FB1B81D7F5E1F001FE39D /* ViewController */,
				F86F356A1D8DE772001A8F6C /* ListViewController */,
				F82FB1CD1D82C836001FE39D /* Filter */,
				F82884BF1D957E4A00F1A737 /* DetailViewController */,
				F86EF5C71DA98C0D0095CCEB /* SettingsViewController */,
				F82FB1BB1D80AA02001FE39D /* ToiletAnnotationView.swift */,
				F8243BEA1DA2F3C700BE5D13 /* SingleToiletViewController.swift */,
				F82FB1B91D809F27001FE39D /* Directions.swift */,
				F8C41A701F9A46DC00E16612 /* Generated */,
				F8E541531D744CA600BA4BE7 /* Extensions.swift */,
				F8C41A711F9A4C1C00E16612 /* UIKitExtensions.swift */,
				F8C41A6C1F9A42B700E16612 /* UIColor+UIFontExtension.swift */,
				F818D4471D88482E009B153C /* Constants.swift */,
				F81B791B1DBFD73A00812139 /* Localizable.strings */,
				F8EAE7FD1D5FA6A900D60DAB /* Main.storyboard */,
				F8EAE8001D5FA6A900D60DAB /* Assets.xcassets */,
				F8EAE8021D5FA6A900D60DAB /* LaunchScreen.storyboard */,
				F8EAE8051D5FA6A900D60DAB /* Info.plist */,
				F81B79341DC0EE2D00812139 /* InfoPlist.strings */,
			);
			path = Klozet;
			sourceTree = "<group>";
		};
		F8EAE80D1D5FA6A900D60DAB /* KlozetTests */ = {
			isa = PBXGroup;
			children = (
				F8EAE80E1D5FA6A900D60DAB /* KlozetTests.swift */,
				F83CB9C21FCF3CC8002CECDC /* ToiletViewModelTests.swift */,
				F8EAE8101D5FA6A900D60DAB /* Info.plist */,
			);
			path = KlozetTests;
			sourceTree = "<group>";
		};
		F8EAE8181D5FA6A900D60DAB /* KlozetUITests */ = {
			isa = PBXGroup;
			children = (
				F8EAE8191D5FA6A900D60DAB /* KlozetUITests.swift */,
				F858907A1DC9043D00F1C3F1 /* SnapshotHelper.swift */,
				F8EAE81B1D5FA6A900D60DAB /* Info.plist */,
			);
			path = KlozetUITests;
			sourceTree = "<group>";
		};
/* End PBXGroup section */

/* Begin PBXNativeTarget section */
		F8EAE7F51D5FA6A900D60DAB /* Klozet */ = {
			isa = PBXNativeTarget;
			buildConfigurationList = F8EAE81E1D5FA6A900D60DAB /* Build configuration list for PBXNativeTarget "Klozet" */;
			buildPhases = (
				5403595CEBAE75BE1F6C6500 /* [CP] Check Pods Manifest.lock */,
				F8EAE7F21D5FA6A900D60DAB /* Sources */,
				F8EAE7F31D5FA6A900D60DAB /* Frameworks */,
				F8EAE7F41D5FA6A900D60DAB /* Resources */,
				F8EAE8311D5FB53000D60DAB /* CopyFiles */,
				4DE924A80B05B46C4460ACD4 /* [CP] Embed Pods Frameworks */,
				E6A07BD0D54FF9761B85818D /* [CP] Copy Pods Resources */,
			);
			buildRules = (
			);
			dependencies = (
			);
			name = Klozet;
			productName = Klozet;
			productReference = F8EAE7F61D5FA6A900D60DAB /* Klozet.app */;
			productType = "com.apple.product-type.application";
		};
		F8EAE8091D5FA6A900D60DAB /* KlozetTests */ = {
			isa = PBXNativeTarget;
			buildConfigurationList = F8EAE8211D5FA6A900D60DAB /* Build configuration list for PBXNativeTarget "KlozetTests" */;
			buildPhases = (
				F38B1B62B7FC07766E2C15E7 /* [CP] Check Pods Manifest.lock */,
				F8EAE8061D5FA6A900D60DAB /* Sources */,
				F8EAE8071D5FA6A900D60DAB /* Frameworks */,
				F8EAE8081D5FA6A900D60DAB /* Resources */,
				21BBA73B7C4702558AB3C09F /* [CP] Embed Pods Frameworks */,
				1F1F545D1E98283FB6E2A078 /* [CP] Copy Pods Resources */,
			);
			buildRules = (
			);
			dependencies = (
				F8EAE80C1D5FA6A900D60DAB /* PBXTargetDependency */,
			);
			name = KlozetTests;
			productName = KlozetTests;
			productReference = F8EAE80A1D5FA6A900D60DAB /* KlozetTests.xctest */;
			productType = "com.apple.product-type.bundle.unit-test";
		};
		F8EAE8141D5FA6A900D60DAB /* KlozetUITests */ = {
			isa = PBXNativeTarget;
			buildConfigurationList = F8EAE8241D5FA6A900D60DAB /* Build configuration list for PBXNativeTarget "KlozetUITests" */;
			buildPhases = (
				7211AFE14BEE5378260EC153 /* [CP] Check Pods Manifest.lock */,
				F8EAE8111D5FA6A900D60DAB /* Sources */,
				F8EAE8121D5FA6A900D60DAB /* Frameworks */,
				F8EAE8131D5FA6A900D60DAB /* Resources */,
				60DF33FEC943DC3EB2AEADEB /* [CP] Embed Pods Frameworks */,
				7D4EE85121AE8235C4261F46 /* [CP] Copy Pods Resources */,
			);
			buildRules = (
			);
			dependencies = (
				F8EAE8171D5FA6A900D60DAB /* PBXTargetDependency */,
			);
			name = KlozetUITests;
			productName = KlozetUITests;
			productReference = F8EAE8151D5FA6A900D60DAB /* KlozetUITests.xctest */;
			productType = "com.apple.product-type.bundle.ui-testing";
		};
/* End PBXNativeTarget section */

/* Begin PBXProject section */
		F8EAE7EE1D5FA6A900D60DAB /* Project object */ = {
			isa = PBXProject;
			attributes = {
				LastSwiftUpdateCheck = 0730;
				LastUpgradeCheck = 0900;
				ORGANIZATIONNAME = "Marek Fořt";
				TargetAttributes = {
					F8EAE7F51D5FA6A900D60DAB = {
						CreatedOnToolsVersion = 7.3.1;
						DevelopmentTeam = QH95ER52SG;
						LastSwiftMigration = 0900;
						ProvisioningStyle = Automatic;
					};
					F8EAE8091D5FA6A900D60DAB = {
						CreatedOnToolsVersion = 7.3.1;
						DevelopmentTeam = QH95ER52SG;
						LastSwiftMigration = 0900;
						ProvisioningStyle = Automatic;
						TestTargetID = F8EAE7F51D5FA6A900D60DAB;
					};
					F8EAE8141D5FA6A900D60DAB = {
						CreatedOnToolsVersion = 7.3.1;
						LastSwiftMigration = 0900;
						ProvisioningStyle = Automatic;
						TestTargetID = F8EAE7F51D5FA6A900D60DAB;
					};
				};
			};
			buildConfigurationList = F8EAE7F11D5FA6A900D60DAB /* Build configuration list for PBXProject "Klozet" */;
			compatibilityVersion = "Xcode 3.2";
			developmentRegion = English;
			hasScannedForEncodings = 0;
			knownRegions = (
				en,
				Base,
				cs,
			);
			mainGroup = F8EAE7ED1D5FA6A900D60DAB;
			productRefGroup = F8EAE7F71D5FA6A900D60DAB /* Products */;
			projectDirPath = "";
			projectRoot = "";
			targets = (
				F8EAE7F51D5FA6A900D60DAB /* Klozet */,
				F8EAE8091D5FA6A900D60DAB /* KlozetTests */,
				F8EAE8141D5FA6A900D60DAB /* KlozetUITests */,
			);
		};
/* End PBXProject section */

/* Begin PBXResourcesBuildPhase section */
		F8EAE7F41D5FA6A900D60DAB /* Resources */ = {
			isa = PBXResourcesBuildPhase;
			buildActionMask = 2147483647;
			files = (
				F8EAE8041D5FA6A900D60DAB /* LaunchScreen.storyboard in Resources */,
				F8EAE8011D5FA6A900D60DAB /* Assets.xcassets in Resources */,
				F8EAE7FF1D5FA6A900D60DAB /* Main.storyboard in Resources */,
				F81B79191DBFD73A00812139 /* Localizable.strings in Resources */,
				F81B79321DC0EE2D00812139 /* InfoPlist.strings in Resources */,
			);
			runOnlyForDeploymentPostprocessing = 0;
		};
		F8EAE8081D5FA6A900D60DAB /* Resources */ = {
			isa = PBXResourcesBuildPhase;
			buildActionMask = 2147483647;
			files = (
			);
			runOnlyForDeploymentPostprocessing = 0;
		};
		F8EAE8131D5FA6A900D60DAB /* Resources */ = {
			isa = PBXResourcesBuildPhase;
			buildActionMask = 2147483647;
			files = (
			);
			runOnlyForDeploymentPostprocessing = 0;
		};
/* End PBXResourcesBuildPhase section */

/* Begin PBXShellScriptBuildPhase section */
		1F1F545D1E98283FB6E2A078 /* [CP] Copy Pods Resources */ = {
			isa = PBXShellScriptBuildPhase;
			buildActionMask = 2147483647;
			files = (
			);
			inputPaths = (
			);
			name = "[CP] Copy Pods Resources";
			outputPaths = (
			);
			runOnlyForDeploymentPostprocessing = 0;
			shellPath = /bin/sh;
			shellScript = "\"${SRCROOT}/Pods/Target Support Files/Pods-KlozetTests/Pods-KlozetTests-resources.sh\"\n";
			showEnvVarsInLog = 0;
		};
		21BBA73B7C4702558AB3C09F /* [CP] Embed Pods Frameworks */ = {
			isa = PBXShellScriptBuildPhase;
			buildActionMask = 2147483647;
			files = (
			);
			inputPaths = (
			);
			name = "[CP] Embed Pods Frameworks";
			outputPaths = (
			);
			runOnlyForDeploymentPostprocessing = 0;
			shellPath = /bin/sh;
			shellScript = "\"${SRCROOT}/Pods/Target Support Files/Pods-KlozetTests/Pods-KlozetTests-frameworks.sh\"\n";
			showEnvVarsInLog = 0;
		};
		4DE924A80B05B46C4460ACD4 /* [CP] Embed Pods Frameworks */ = {
			isa = PBXShellScriptBuildPhase;
			buildActionMask = 2147483647;
			files = (
			);
			inputPaths = (
			);
			name = "[CP] Embed Pods Frameworks";
			outputPaths = (
			);
			runOnlyForDeploymentPostprocessing = 0;
			shellPath = /bin/sh;
			shellScript = "\"${SRCROOT}/Pods/Target Support Files/Pods-Klozet/Pods-Klozet-frameworks.sh\"\n";
			showEnvVarsInLog = 0;
		};
		5403595CEBAE75BE1F6C6500 /* [CP] Check Pods Manifest.lock */ = {
			isa = PBXShellScriptBuildPhase;
			buildActionMask = 2147483647;
			files = (
			);
			inputPaths = (
			);
			name = "[CP] Check Pods Manifest.lock";
			outputPaths = (
			);
			runOnlyForDeploymentPostprocessing = 0;
			shellPath = /bin/sh;
			shellScript = "diff \"${PODS_PODFILE_DIR_PATH}/Podfile.lock\" \"${PODS_ROOT}/Manifest.lock\" > /dev/null\nif [ $? != 0 ] ; then\n    # print error to STDERR\n    echo \"error: The sandbox is not in sync with the Podfile.lock. Run 'pod install' or update your CocoaPods installation.\" >&2\n    exit 1\nfi\n";
			showEnvVarsInLog = 0;
		};
		60DF33FEC943DC3EB2AEADEB /* [CP] Embed Pods Frameworks */ = {
			isa = PBXShellScriptBuildPhase;
			buildActionMask = 2147483647;
			files = (
			);
			inputPaths = (
			);
			name = "[CP] Embed Pods Frameworks";
			outputPaths = (
			);
			runOnlyForDeploymentPostprocessing = 0;
			shellPath = /bin/sh;
			shellScript = "\"${SRCROOT}/Pods/Target Support Files/Pods-KlozetUITests/Pods-KlozetUITests-frameworks.sh\"\n";
			showEnvVarsInLog = 0;
		};
		7211AFE14BEE5378260EC153 /* [CP] Check Pods Manifest.lock */ = {
			isa = PBXShellScriptBuildPhase;
			buildActionMask = 2147483647;
			files = (
			);
			inputPaths = (
			);
			name = "[CP] Check Pods Manifest.lock";
			outputPaths = (
			);
			runOnlyForDeploymentPostprocessing = 0;
			shellPath = /bin/sh;
			shellScript = "diff \"${PODS_PODFILE_DIR_PATH}/Podfile.lock\" \"${PODS_ROOT}/Manifest.lock\" > /dev/null\nif [ $? != 0 ] ; then\n    # print error to STDERR\n    echo \"error: The sandbox is not in sync with the Podfile.lock. Run 'pod install' or update your CocoaPods installation.\" >&2\n    exit 1\nfi\n";
			showEnvVarsInLog = 0;
		};
		7D4EE85121AE8235C4261F46 /* [CP] Copy Pods Resources */ = {
			isa = PBXShellScriptBuildPhase;
			buildActionMask = 2147483647;
			files = (
			);
			inputPaths = (
			);
			name = "[CP] Copy Pods Resources";
			outputPaths = (
			);
			runOnlyForDeploymentPostprocessing = 0;
			shellPath = /bin/sh;
			shellScript = "\"${SRCROOT}/Pods/Target Support Files/Pods-KlozetUITests/Pods-KlozetUITests-resources.sh\"\n";
			showEnvVarsInLog = 0;
		};
		E6A07BD0D54FF9761B85818D /* [CP] Copy Pods Resources */ = {
			isa = PBXShellScriptBuildPhase;
			buildActionMask = 2147483647;
			files = (
			);
			inputPaths = (
			);
			name = "[CP] Copy Pods Resources";
			outputPaths = (
			);
			runOnlyForDeploymentPostprocessing = 0;
			shellPath = /bin/sh;
			shellScript = "\"${SRCROOT}/Pods/Target Support Files/Pods-Klozet/Pods-Klozet-resources.sh\"\n";
			showEnvVarsInLog = 0;
		};
		F38B1B62B7FC07766E2C15E7 /* [CP] Check Pods Manifest.lock */ = {
			isa = PBXShellScriptBuildPhase;
			buildActionMask = 2147483647;
			files = (
			);
			inputPaths = (
			);
			name = "[CP] Check Pods Manifest.lock";
			outputPaths = (
			);
			runOnlyForDeploymentPostprocessing = 0;
			shellPath = /bin/sh;
			shellScript = "diff \"${PODS_PODFILE_DIR_PATH}/Podfile.lock\" \"${PODS_ROOT}/Manifest.lock\" > /dev/null\nif [ $? != 0 ] ; then\n    # print error to STDERR\n    echo \"error: The sandbox is not in sync with the Podfile.lock. Run 'pod install' or update your CocoaPods installation.\" >&2\n    exit 1\nfi\n";
			showEnvVarsInLog = 0;
		};
/* End PBXShellScriptBuildPhase section */

/* Begin PBXSourcesBuildPhase section */
		F8EAE7F21D5FA6A900D60DAB /* Sources */ = {
			isa = PBXSourcesBuildPhase;
			buildActionMask = 2147483647;
			files = (
				F83B201B1DC60538006C1D92 /* DetailMapView.swift in Sources */,
				F87BEE201FCF24400059F862 /* APIService.swift in Sources */,
				F8EAE83C1D630E0500D60DAB /* VIewControllerInterface.swift in Sources */,
				F87C8C5E1D873F4F00B9C6EF /* Filter.swift in Sources */,
				F82FB1C81D82B7C3001FE39D /* FilterOpen.swift in Sources */,
				F83CB9BE1FCF3B63002CECDC /* OpenTimes.swift in Sources */,
				F87BEE221FCF2B920059F862 /* CodableError.swift in Sources */,
				F82FB1BA1D809F27001FE39D /* Directions.swift in Sources */,
				F80FC7D41DA99B5200D4FC05 /* SupportCell.swift in Sources */,
				F8E541541D744CA600BA4BE7 /* Extensions.swift in Sources */,
				F818D4481D88482E009B153C /* Constants.swift in Sources */,
				F82884C11D957E7600F1A737 /* DetailTableView.swift in Sources */,
				F8775B0B1D908104003B9F4D /* ListButtonDelegate.swift in Sources */,
				F8C41A6D1F9A42B700E16612 /* UIColor+UIFontExtension.swift in Sources */,
				F83CB9C01FCF3B84002CECDC /* Address.swift in Sources */,
				F87BEE241FCF2E410059F862 /* ToiletViewModel.swift in Sources */,
				F83CB9BC1FCF3B2C002CECDC /* Toilet.swift in Sources */,
				F82FB1BE1D81BA41001FE39D /* UserLocation.swift in Sources */,
				F80FC7D61DAC298300D4FC05 /* ImageSlides.swift in Sources */,
				F8775B091D8EBAAF003B9F4D /* ListButton.swift in Sources */,
				F8243BEB1DA2F3C700BE5D13 /* SingleToiletViewController.swift in Sources */,
				F8778B5C1D999DDE005ACA43 /* OpenTimeCell.swift in Sources */,
				F82FB1BC1D80AA02001FE39D /* ToiletAnnotationView.swift in Sources */,
				F86EF5C61DA98B5F0095CCEB /* SettingsTableView.swift in Sources */,
				F82655481D930A190007A089 /* ListActivity.swift in Sources */,
				F8778B5E1D9ABFE8005ACA43 /* PriceCell.swift in Sources */,
				F8C41A721F9A4C1C00E16612 /* UIKitExtensions.swift in Sources */,
				F8778B601D9D7D13005ACA43 /* MapInfo.swift in Sources */,
				F8775B0D1D919255003B9F4D /* DetailViewController.swift in Sources */,
				F87CE85F1F9FB14400D98515 /* TabBarController.swift in Sources */,
				F82FB1C41D81D060001FE39D /* ListCell.swift in Sources */,
				F8EAE7FC1D5FA6A900D60DAB /* ViewController.swift in Sources */,
				F82FB1CC1D82C82A001FE39D /* FilterOption.swift in Sources */,
				F82FB1CF1D82C8AE001FE39D /* FilterPrice.swift in Sources */,
				F82FB1C01D81C7B6001FE39D /* ListViewController.swift in Sources */,
				F8EAE7FA1D5FA6A900D60DAB /* AppDelegate.swift in Sources */,
				F8C41A6F1F9A46D700E16612 /* Images.swift in Sources */,
				F86F35681D8DDCB6001A8F6C /* ListController.swift in Sources */,
				F86EF5C41DA6EBA40095CCEB /* SettingsViewController.swift in Sources */,
			);
			runOnlyForDeploymentPostprocessing = 0;
		};
		F8EAE8061D5FA6A900D60DAB /* Sources */ = {
			isa = PBXSourcesBuildPhase;
			buildActionMask = 2147483647;
			files = (
				F8EAE80F1D5FA6A900D60DAB /* KlozetTests.swift in Sources */,
				F83CB9C31FCF3CC8002CECDC /* ToiletViewModelTests.swift in Sources */,
			);
			runOnlyForDeploymentPostprocessing = 0;
		};
		F8EAE8111D5FA6A900D60DAB /* Sources */ = {
			isa = PBXSourcesBuildPhase;
			buildActionMask = 2147483647;
			files = (
				F8EAE81A1D5FA6A900D60DAB /* KlozetUITests.swift in Sources */,
				F858907B1DC9043D00F1C3F1 /* SnapshotHelper.swift in Sources */,
			);
			runOnlyForDeploymentPostprocessing = 0;
		};
/* End PBXSourcesBuildPhase section */

/* Begin PBXTargetDependency section */
		F8EAE80C1D5FA6A900D60DAB /* PBXTargetDependency */ = {
			isa = PBXTargetDependency;
			target = F8EAE7F51D5FA6A900D60DAB /* Klozet */;
			targetProxy = F8EAE80B1D5FA6A900D60DAB /* PBXContainerItemProxy */;
		};
		F8EAE8171D5FA6A900D60DAB /* PBXTargetDependency */ = {
			isa = PBXTargetDependency;
			target = F8EAE7F51D5FA6A900D60DAB /* Klozet */;
			targetProxy = F8EAE8161D5FA6A900D60DAB /* PBXContainerItemProxy */;
		};
/* End PBXTargetDependency section */

/* Begin PBXVariantGroup section */
		F81B791B1DBFD73A00812139 /* Localizable.strings */ = {
			isa = PBXVariantGroup;
			children = (
				F81B791A1DBFD73A00812139 /* Base */,
				F81B791C1DBFD73D00812139 /* cs */,
			);
			name = Localizable.strings;
			sourceTree = "<group>";
		};
		F81B79341DC0EE2D00812139 /* InfoPlist.strings */ = {
			isa = PBXVariantGroup;
			children = (
				F81B79331DC0EE2D00812139 /* cs */,
				F81B79351DC0EE3600812139 /* Base */,
			);
			name = InfoPlist.strings;
			sourceTree = "<group>";
		};
		F8EAE7FD1D5FA6A900D60DAB /* Main.storyboard */ = {
			isa = PBXVariantGroup;
			children = (
				F8EAE7FE1D5FA6A900D60DAB /* Base */,
				F81B79151DBFD60900812139 /* cs */,
			);
			name = Main.storyboard;
			sourceTree = "<group>";
		};
		F8EAE8021D5FA6A900D60DAB /* LaunchScreen.storyboard */ = {
			isa = PBXVariantGroup;
			children = (
				F8EAE8031D5FA6A900D60DAB /* Base */,
				F81B79161DBFD60A00812139 /* cs */,
			);
			name = LaunchScreen.storyboard;
			sourceTree = "<group>";
		};
/* End PBXVariantGroup section */

/* Begin XCBuildConfiguration section */
		F8EAE81D1D5FA6A900D60DAB /* Release */ = {
			isa = XCBuildConfiguration;
			buildSettings = {
				ALWAYS_SEARCH_USER_PATHS = NO;
				CLANG_ANALYZER_LOCALIZABILITY_NONLOCALIZED = YES;
				CLANG_ANALYZER_NONNULL = YES;
				CLANG_CXX_LANGUAGE_STANDARD = "gnu++0x";
				CLANG_CXX_LIBRARY = "libc++";
				CLANG_ENABLE_MODULES = YES;
				CLANG_ENABLE_OBJC_ARC = YES;
				CLANG_WARN_BLOCK_CAPTURE_AUTORELEASING = YES;
				CLANG_WARN_BOOL_CONVERSION = YES;
				CLANG_WARN_COMMA = YES;
				CLANG_WARN_CONSTANT_CONVERSION = YES;
				CLANG_WARN_DIRECT_OBJC_ISA_USAGE = YES_ERROR;
				CLANG_WARN_EMPTY_BODY = YES;
				CLANG_WARN_ENUM_CONVERSION = YES;
				CLANG_WARN_INFINITE_RECURSION = YES;
				CLANG_WARN_INT_CONVERSION = YES;
				CLANG_WARN_NON_LITERAL_NULL_CONVERSION = YES;
				CLANG_WARN_OBJC_LITERAL_CONVERSION = YES;
				CLANG_WARN_OBJC_ROOT_CLASS = YES_ERROR;
				CLANG_WARN_RANGE_LOOP_ANALYSIS = YES;
				CLANG_WARN_STRICT_PROTOTYPES = YES;
				CLANG_WARN_SUSPICIOUS_MOVE = YES;
				CLANG_WARN_UNREACHABLE_CODE = YES;
				CLANG_WARN__DUPLICATE_METHOD_MATCH = YES;
				"CODE_SIGN_IDENTITY[sdk=iphoneos*]" = "iPhone Developer";
				COPY_PHASE_STRIP = NO;
				DEBUG_INFORMATION_FORMAT = "dwarf-with-dsym";
				ENABLE_NS_ASSERTIONS = NO;
				ENABLE_STRICT_OBJC_MSGSEND = YES;
				GCC_C_LANGUAGE_STANDARD = gnu99;
				GCC_NO_COMMON_BLOCKS = YES;
				GCC_WARN_64_TO_32_BIT_CONVERSION = YES;
				GCC_WARN_ABOUT_RETURN_TYPE = YES_ERROR;
				GCC_WARN_UNDECLARED_SELECTOR = YES;
				GCC_WARN_UNINITIALIZED_AUTOS = YES_AGGRESSIVE;
				GCC_WARN_UNUSED_FUNCTION = YES;
				GCC_WARN_UNUSED_VARIABLE = YES;
				IPHONEOS_DEPLOYMENT_TARGET = 11.0;
				MTL_ENABLE_DEBUG_INFO = NO;
				SDKROOT = iphoneos;
				SWIFT_OPTIMIZATION_LEVEL = "-Owholemodule";
				TARGETED_DEVICE_FAMILY = "1,2";
				VALIDATE_PRODUCT = YES;
			};
			name = Release;
		};
		F8EAE8201D5FA6A900D60DAB /* Release */ = {
			isa = XCBuildConfiguration;
			baseConfigurationReference = 3BE3E28D5EB85723CEEDF5D1 /* Pods-Klozet.release.xcconfig */;
			buildSettings = {
				ASSETCATALOG_COMPILER_APPICON_NAME = AppIcon;
				"CODE_SIGN_IDENTITY[sdk=iphoneos*]" = "iPhone Developer";
				DEVELOPMENT_TEAM = QH95ER52SG;
				ENABLE_TESTABILITY = YES;
				FRAMEWORK_SEARCH_PATHS = "$(inherited)";
				INFOPLIST_FILE = Klozet/Info.plist;
				IPHONEOS_DEPLOYMENT_TARGET = 11.0;
				LD_RUNPATH_SEARCH_PATHS = "$(inherited) @executable_path/Frameworks";
				OTHER_CFLAGS = "-fPIC";
				PRODUCT_BUNDLE_IDENTIFIER = com.marekfort.klozet;
				PRODUCT_NAME = "$(TARGET_NAME)";
				SWIFT_SWIFT3_OBJC_INFERENCE = Default;
				SWIFT_VERSION = 4.0;
				TARGETED_DEVICE_FAMILY = 1;
				WARNING_CFLAGS = (
					"-Wl,--emit-relocs",
					"-Wl,--warn-shared-textrel",
				);
			};
			name = Release;
		};
		F8EAE8231D5FA6A900D60DAB /* Release */ = {
			isa = XCBuildConfiguration;
			baseConfigurationReference = 64FAEE6D86EBB51AC1E892EC /* Pods-KlozetTests.release.xcconfig */;
			buildSettings = {
				BUNDLE_LOADER = "$(TEST_HOST)";
				"CODE_SIGN_IDENTITY[sdk=iphoneos*]" = "iPhone Developer";
				DEVELOPMENT_TEAM = QH95ER52SG;
				INFOPLIST_FILE = KlozetTests/Info.plist;
				LD_RUNPATH_SEARCH_PATHS = "$(inherited) @executable_path/Frameworks @loader_path/Frameworks";
				PRODUCT_BUNDLE_IDENTIFIER = marekfort.KlozetTests;
				PRODUCT_NAME = "$(TARGET_NAME)";
				SWIFT_SWIFT3_OBJC_INFERENCE = Default;
				SWIFT_VERSION = 4.0;
				TEST_HOST = "$(BUILT_PRODUCTS_DIR)/Klozet.app/Klozet";
			};
			name = Release;
		};
		F8EAE8261D5FA6A900D60DAB /* Release */ = {
			isa = XCBuildConfiguration;
			baseConfigurationReference = 182FCC4E410E72C6C4A26B1B /* Pods-KlozetUITests.release.xcconfig */;
			buildSettings = {
				"CODE_SIGN_IDENTITY[sdk=iphoneos*]" = "iPhone Developer";
				DEVELOPMENT_TEAM = "";
				INFOPLIST_FILE = KlozetUITests/Info.plist;
				LD_RUNPATH_SEARCH_PATHS = "$(inherited) @executable_path/Frameworks @loader_path/Frameworks";
				PRODUCT_BUNDLE_IDENTIFIER = marekfort.KlozetUITests;
				PRODUCT_NAME = "$(TARGET_NAME)";
				SWIFT_SWIFT3_OBJC_INFERENCE = Default;
				SWIFT_VERSION = 4.0;
				TEST_TARGET_NAME = Klozet;
			};
			name = Release;
		};
/* End XCBuildConfiguration section */

/* Begin XCConfigurationList section */
		F8EAE7F11D5FA6A900D60DAB /* Build configuration list for PBXProject "Klozet" */ = {
			isa = XCConfigurationList;
			buildConfigurations = (
				F8EAE81D1D5FA6A900D60DAB /* Release */,
			);
			defaultConfigurationIsVisible = 0;
			defaultConfigurationName = Release;
		};
		F8EAE81E1D5FA6A900D60DAB /* Build configuration list for PBXNativeTarget "Klozet" */ = {
			isa = XCConfigurationList;
			buildConfigurations = (
				F8EAE8201D5FA6A900D60DAB /* Release */,
			);
			defaultConfigurationIsVisible = 0;
			defaultConfigurationName = Release;
		};
		F8EAE8211D5FA6A900D60DAB /* Build configuration list for PBXNativeTarget "KlozetTests" */ = {
			isa = XCConfigurationList;
			buildConfigurations = (
				F8EAE8231D5FA6A900D60DAB /* Release */,
			);
			defaultConfigurationIsVisible = 0;
			defaultConfigurationName = Release;
		};
		F8EAE8241D5FA6A900D60DAB /* Build configuration list for PBXNativeTarget "KlozetUITests" */ = {
			isa = XCConfigurationList;
			buildConfigurations = (
				F8EAE8261D5FA6A900D60DAB /* Release */,
			);
			defaultConfigurationIsVisible = 0;
			defaultConfigurationName = Release;
		};
/* End XCConfigurationList section */
	};
	rootObject = F8EAE7EE1D5FA6A900D60DAB /* Project object */;
}
